// !$*UTF8*$!
{
	archiveVersion = 1;
	classes = {
	};
	objectVersion = 46;
	objects = {

/* Begin PBXBuildFile section */
		2C367ADD1C3346ED007D67DB /* QuestionTableViewCell.swift in Sources */ = {isa = PBXBuildFile; fileRef = 2C367ADC1C3346ED007D67DB /* QuestionTableViewCell.swift */; };
		2C367ADF1C343660007D67DB /* PostPrompt.swift in Sources */ = {isa = PBXBuildFile; fileRef = 2C367ADE1C343660007D67DB /* PostPrompt.swift */; };
		2C367AE11C343A92007D67DB /* PrePrompts.plist in Resources */ = {isa = PBXBuildFile; fileRef = 2C367AE01C343A91007D67DB /* PrePrompts.plist */; };
		2C367AE31C344ECE007D67DB /* PostPrompts.plist in Resources */ = {isa = PBXBuildFile; fileRef = 2C367AE21C344ECE007D67DB /* PostPrompts.plist */; };
		2C367AE51C346AC5007D67DB /* SimpleAlert.swift in Sources */ = {isa = PBXBuildFile; fileRef = 2C367AE41C346AC5007D67DB /* SimpleAlert.swift */; };
		2C367AE71C346AF1007D67DB /* SimpleAlert.xib in Resources */ = {isa = PBXBuildFile; fileRef = 2C367AE61C346AF1007D67DB /* SimpleAlert.xib */; };
		2C367B3A1C3497A0007D67DB /* AVSegmentPlayerViewController.swift in Sources */ = {isa = PBXBuildFile; fileRef = 2C367B391C3497A0007D67DB /* AVSegmentPlayerViewController.swift */; };
		2C4B7DE81C38ACA100359FD4 /* Food ServiceAny QuestionsQuestion.mp4 in Resources */ = {isa = PBXBuildFile; fileRef = 2C4B7D681C38ACA100359FD4 /* Food ServiceAny QuestionsQuestion.mp4 */; };
		2C4B7DE91C38ACA100359FD4 /* Food ServiceFarewellAnswer.mp4 in Resources */ = {isa = PBXBuildFile; fileRef = 2C4B7D691C38ACA100359FD4 /* Food ServiceFarewellAnswer.mp4 */; };
		2C4B7DEA1C38ACA100359FD4 /* Food ServiceFarewellQuestion.mp4 in Resources */ = {isa = PBXBuildFile; fileRef = 2C4B7D6A1C38ACA100359FD4 /* Food ServiceFarewellQuestion.mp4 */; };
		2C4B7DEB1C38ACA100359FD4 /* HealthcareHelping While On BreakAnswer.mp4 in Resources */ = {isa = PBXBuildFile; fileRef = 2C4B7D6B1C38ACA100359FD4 /* HealthcareHelping While On BreakAnswer.mp4 */; };
		2C4B7DEC1C38ACA100359FD4 /* HealthcareHelping While On BreakQuestion.mp4 in Resources */ = {isa = PBXBuildFile; fileRef = 2C4B7D6C1C38ACA100359FD4 /* HealthcareHelping While On BreakQuestion.mp4 */; };
		2C4B7DED1C38ACA100359FD4 /* HealthcareTell Me a TimeAnswer.mp4 in Resources */ = {isa = PBXBuildFile; fileRef = 2C4B7D6D1C38ACA100359FD4 /* HealthcareTell Me a TimeAnswer.mp4 */; };
		2C4B7DEE1C38ACA100359FD4 /* HealthcareTell Me a TimeQuestion.mp4 in Resources */ = {isa = PBXBuildFile; fileRef = 2C4B7D6E1C38ACA100359FD4 /* HealthcareTell Me a TimeQuestion.mp4 */; };
		2C4B7DEF1C38ACA100359FD4 /* HospitalityAny QuestionsQuestion.mp4 in Resources */ = {isa = PBXBuildFile; fileRef = 2C4B7D6F1C38ACA100359FD4 /* HospitalityAny QuestionsQuestion.mp4 */; };
		2C4B7DF01C38ACA100359FD4 /* HospitalityFarewellAnswer.mp4 in Resources */ = {isa = PBXBuildFile; fileRef = 2C4B7D701C38ACA100359FD4 /* HospitalityFarewellAnswer.mp4 */; };
		2C4B7DF11C38ACA100359FD4 /* HospitalityFarewellQuestion.mp4 in Resources */ = {isa = PBXBuildFile; fileRef = 2C4B7D711C38ACA100359FD4 /* HospitalityFarewellQuestion.mp4 */; };
		2C4B7DF21C38ACA100359FD4 /* Retail With ExperienceCustomer ServiceAnswer.mp4 in Resources */ = {isa = PBXBuildFile; fileRef = 2C4B7D721C38ACA100359FD4 /* Retail With ExperienceCustomer ServiceAnswer.mp4 */; };
		2C4B7DF31C38ACA100359FD4 /* Retail With ExperienceCustomer ServiceQuestion.mp4 in Resources */ = {isa = PBXBuildFile; fileRef = 2C4B7D731C38ACA100359FD4 /* Retail With ExperienceCustomer ServiceQuestion.mp4 */; };
		2C4B7DF41C38ACA100359FD4 /* Retail With ExperienceUpsellingAnswer.mp4 in Resources */ = {isa = PBXBuildFile; fileRef = 2C4B7D741C38ACA100359FD4 /* Retail With ExperienceUpsellingAnswer.mp4 */; };
		2C4B7DF51C38ACA100359FD4 /* Retail With ExperienceUpsellingQuestion.mp4 in Resources */ = {isa = PBXBuildFile; fileRef = 2C4B7D751C38ACA100359FD4 /* Retail With ExperienceUpsellingQuestion.mp4 */; };
		2C4B7DF61C38ACA100359FD4 /* Retail Without ExperienceAny QuestionsAnswer.mp4 in Resources */ = {isa = PBXBuildFile; fileRef = 2C4B7D761C38ACA100359FD4 /* Retail Without ExperienceAny QuestionsAnswer.mp4 */; };
		2C4B7DF71C38ACA100359FD4 /* Retail Without ExperienceAny QuestionsQuestion.mp4 in Resources */ = {isa = PBXBuildFile; fileRef = 2C4B7D771C38ACA100359FD4 /* Retail Without ExperienceAny QuestionsQuestion.mp4 */; };
		2C4B7DF81C38ACA100359FD4 /* Retail Without ExperienceWhy Should We Hire YouAnswer.mp4 in Resources */ = {isa = PBXBuildFile; fileRef = 2C4B7D781C38ACA100359FD4 /* Retail Without ExperienceWhy Should We Hire YouAnswer.mp4 */; };
		2C4B7DF91C38ACA100359FD4 /* Retail Without ExperienceWhy Should We Hire YouQuestion.mp4 in Resources */ = {isa = PBXBuildFile; fileRef = 2C4B7D791C38ACA100359FD4 /* Retail Without ExperienceWhy Should We Hire YouQuestion.mp4 */; };
		2C4B7DFA1C38ACA100359FD4 /* Food ServiceAny QuestionsAnswer.mp4 in Resources */ = {isa = PBXBuildFile; fileRef = 2C4B7D7A1C38ACA100359FD4 /* Food ServiceAny QuestionsAnswer.mp4 */; };
		2C4B7DFB1C38ACA100359FD4 /* Food ServiceAre You A Team PlayerAnswer.mp4 in Resources */ = {isa = PBXBuildFile; fileRef = 2C4B7D7B1C38ACA100359FD4 /* Food ServiceAre You A Team PlayerAnswer.mp4 */; };
		2C4B7DFC1C38ACA100359FD4 /* Food ServiceAre You A Team PlayerQuestion.mp4 in Resources */ = {isa = PBXBuildFile; fileRef = 2C4B7D7C1C38ACA100359FD4 /* Food ServiceAre You A Team PlayerQuestion.mp4 */; };
		2C4B7DFD1C38ACA100359FD4 /* Food ServiceTell Me a TimeAnswer.mp4 in Resources */ = {isa = PBXBuildFile; fileRef = 2C4B7D7D1C38ACA100359FD4 /* Food ServiceTell Me a TimeAnswer.mp4 */; };
		2C4B7DFE1C38ACA100359FD4 /* Food ServiceTell Me a TimeQuestion.mp4 in Resources */ = {isa = PBXBuildFile; fileRef = 2C4B7D7E1C38ACA100359FD4 /* Food ServiceTell Me a TimeQuestion.mp4 */; };
		2C4B7DFF1C38ACA100359FD4 /* Food ServiceWhy Should We Hire YouAnswer.mp4 in Resources */ = {isa = PBXBuildFile; fileRef = 2C4B7D7F1C38ACA100359FD4 /* Food ServiceWhy Should We Hire YouAnswer.mp4 */; };
		2C4B7E001C38ACA100359FD4 /* Food ServiceWhy Should We Hire YouQuestion.mp4 in Resources */ = {isa = PBXBuildFile; fileRef = 2C4B7D801C38ACA100359FD4 /* Food ServiceWhy Should We Hire YouQuestion.mp4 */; };
		2C4B7E011C38ACA100359FD4 /* GeneralQuestionsAnswer.mp4 in Resources */ = {isa = PBXBuildFile; fileRef = 2C4B7D811C38ACA100359FD4 /* GeneralQuestionsAnswer.mp4 */; };
		2C4B7E021C38ACA100359FD4 /* GeneralQuestionsQuestion.mp4 in Resources */ = {isa = PBXBuildFile; fileRef = 2C4B7D821C38ACA100359FD4 /* GeneralQuestionsQuestion.mp4 */; };
		2C4B7E031C38ACA100359FD4 /* GeneralStrengthsAnswer.mp4 in Resources */ = {isa = PBXBuildFile; fileRef = 2C4B7D831C38ACA100359FD4 /* GeneralStrengthsAnswer.mp4 */; };
		2C4B7E041C38ACA100359FD4 /* GeneralStrengthsQuestion.mp4 in Resources */ = {isa = PBXBuildFile; fileRef = 2C4B7D841C38ACA100359FD4 /* GeneralStrengthsQuestion.mp4 */; };
		2C4B7E051C38ACA100359FD4 /* GeneralWhy Should We Hire YouAnswer.mp4 in Resources */ = {isa = PBXBuildFile; fileRef = 2C4B7D851C38ACA100359FD4 /* GeneralWhy Should We Hire YouAnswer.mp4 */; };
		2C4B7E061C38ACA100359FD4 /* GeneralWhy Should We Hire YouQuestion.mp4 in Resources */ = {isa = PBXBuildFile; fileRef = 2C4B7D861C38ACA100359FD4 /* GeneralWhy Should We Hire YouQuestion.mp4 */; };
		2C4B7E071C38ACA100359FD4 /* GeneralFarewellAnswer.mp4 in Resources */ = {isa = PBXBuildFile; fileRef = 2C4B7D871C38ACA100359FD4 /* GeneralFarewellAnswer.mp4 */; };
		2C4B7E081C38ACA100359FD4 /* GeneralFarewellQuestion.mp4 in Resources */ = {isa = PBXBuildFile; fileRef = 2C4B7D881C38ACA100359FD4 /* GeneralFarewellQuestion.mp4 */; };
		2C4B7E091C38ACA100359FD4 /* HealthcareCoworkersAnswer.mp4 in Resources */ = {isa = PBXBuildFile; fileRef = 2C4B7D891C38ACA100359FD4 /* HealthcareCoworkersAnswer.mp4 */; };
		2C4B7E0A1C38ACA100359FD4 /* HealthcareCoworkersQuestion.mp4 in Resources */ = {isa = PBXBuildFile; fileRef = 2C4B7D8A1C38ACA100359FD4 /* HealthcareCoworkersQuestion.mp4 */; };
		2C4B7E0B1C38ACA100359FD4 /* HealthcareLeaving Previous PositionAnswer.mp4 in Resources */ = {isa = PBXBuildFile; fileRef = 2C4B7D8B1C38ACA100359FD4 /* HealthcareLeaving Previous PositionAnswer.mp4 */; };
		2C4B7E0C1C38ACA100359FD4 /* HealthcareLeaving Previous PositionQuesiton.mp4 in Resources */ = {isa = PBXBuildFile; fileRef = 2C4B7D8C1C38ACA100359FD4 /* HealthcareLeaving Previous PositionQuesiton.mp4 */; };
		2C4B7E0D1C38ACA100359FD4 /* HealthcareWhy HealthcareAnswer.mp4 in Resources */ = {isa = PBXBuildFile; fileRef = 2C4B7D8D1C38ACA100359FD4 /* HealthcareWhy HealthcareAnswer.mp4 */; };
		2C4B7E0E1C38ACA100359FD4 /* HealthcareWhy HealthcareQuestion.mp4 in Resources */ = {isa = PBXBuildFile; fileRef = 2C4B7D8E1C38ACA100359FD4 /* HealthcareWhy HealthcareQuestion.mp4 */; };
		2C4B7E0F1C38ACA100359FD4 /* HospitalityAny QuestionsAnswer.mp4 in Resources */ = {isa = PBXBuildFile; fileRef = 2C4B7D8F1C38ACA100359FD4 /* HospitalityAny QuestionsAnswer.mp4 */; };
		2C4B7E101C38ACA100359FD4 /* HospitalityPositive ChangeAnswer.mp4 in Resources */ = {isa = PBXBuildFile; fileRef = 2C4B7D901C38ACA100359FD4 /* HospitalityPositive ChangeAnswer.mp4 */; };
		2C4B7E111C38ACA100359FD4 /* HospitalityPositive ChangeQuestion.mp4 in Resources */ = {isa = PBXBuildFile; fileRef = 2C4B7D911C38ACA100359FD4 /* HospitalityPositive ChangeQuestion.mp4 */; };
		2C4B7E121C38ACA100359FD4 /* HospitalityUnhappy CustomerAnswer.mp4 in Resources */ = {isa = PBXBuildFile; fileRef = 2C4B7D921C38ACA100359FD4 /* HospitalityUnhappy CustomerAnswer.mp4 */; };
		2C4B7E131C38ACA100359FD4 /* HospitalityUnhappy CustomerQuestion.mp4 in Resources */ = {isa = PBXBuildFile; fileRef = 2C4B7D931C38ACA100359FD4 /* HospitalityUnhappy CustomerQuestion.mp4 */; };
		2C4B7E141C38ACA100359FD4 /* HospitalityWhy Should We Hire YouAnswer.mp4 in Resources */ = {isa = PBXBuildFile; fileRef = 2C4B7D941C38ACA100359FD4 /* HospitalityWhy Should We Hire YouAnswer.mp4 */; };
		2C4B7E151C38ACA100359FD4 /* HospitalityWhy Should We Hire YouQuestion.mp4 in Resources */ = {isa = PBXBuildFile; fileRef = 2C4B7D951C38ACA100359FD4 /* HospitalityWhy Should We Hire YouQuestion.mp4 */; };
		2C4B7E161C38ACA100359FD4 /* Retail With ExperienceCoworkersAnswer.mp4 in Resources */ = {isa = PBXBuildFile; fileRef = 2C4B7D961C38ACA100359FD4 /* Retail With ExperienceCoworkersAnswer.mp4 */; };
		2C4B7E171C38ACA100359FD4 /* Retail With ExperienceCoworkersQuestion.mp4 in Resources */ = {isa = PBXBuildFile; fileRef = 2C4B7D971C38ACA100359FD4 /* Retail With ExperienceCoworkersQuestion.mp4 */; };
		2C4B7E181C38ACA100359FD4 /* Retail With ExperienceLeaving Previous PositionAnswer.mp4 in Resources */ = {isa = PBXBuildFile; fileRef = 2C4B7D981C38ACA100359FD4 /* Retail With ExperienceLeaving Previous PositionAnswer.mp4 */; };
		2C4B7E191C38ACA100359FD4 /* Retail With ExperienceLeaving Previous PositionQuestion.mp4 in Resources */ = {isa = PBXBuildFile; fileRef = 2C4B7D991C38ACA100359FD4 /* Retail With ExperienceLeaving Previous PositionQuestion.mp4 */; };
		2C4B7E1A1C38ACA100359FD4 /* Retail With ExperienceWhat Do You Like About RetailAnswer.mp4 in Resources */ = {isa = PBXBuildFile; fileRef = 2C4B7D9A1C38ACA100359FD4 /* Retail With ExperienceWhat Do You Like About RetailAnswer.mp4 */; };
		2C4B7E1B1C38ACA100359FD4 /* Retail With ExperienceWhat Do You Like About RetailQuestion.mp4 in Resources */ = {isa = PBXBuildFile; fileRef = 2C4B7D9B1C38ACA100359FD4 /* Retail With ExperienceWhat Do You Like About RetailQuestion.mp4 */; };
		2C4B7E1C1C38ACA100359FD4 /* Retail Without ExperienceCustomer ServiceAnswer.mp4 in Resources */ = {isa = PBXBuildFile; fileRef = 2C4B7D9C1C38ACA100359FD4 /* Retail Without ExperienceCustomer ServiceAnswer.mp4 */; };
		2C4B7E1D1C38ACA100359FD4 /* Retail Without ExperienceCustomer ServiceQuestion.mp4 in Resources */ = {isa = PBXBuildFile; fileRef = 2C4B7D9D1C38ACA100359FD4 /* Retail Without ExperienceCustomer ServiceQuestion.mp4 */; };
		2C4B7E1E1C38ACA100359FD4 /* Retail Without ExperienceSchool ValuesAnswer.mp4 in Resources */ = {isa = PBXBuildFile; fileRef = 2C4B7D9E1C38ACA100359FD4 /* Retail Without ExperienceSchool ValuesAnswer.mp4 */; };
		2C4B7E1F1C38ACA100359FD4 /* Retail Without ExperienceSchool ValuesQuestion.mp4 in Resources */ = {isa = PBXBuildFile; fileRef = 2C4B7D9F1C38ACA100359FD4 /* Retail Without ExperienceSchool ValuesQuestion.mp4 */; };
		2C4B7E201C38ACA100359FD4 /* Retail Without ExperienceUpsellingAnswer.mp4 in Resources */ = {isa = PBXBuildFile; fileRef = 2C4B7DA01C38ACA100359FD4 /* Retail Without ExperienceUpsellingAnswer.mp4 */; };
		2C4B7E211C38ACA100359FD4 /* Retail Without ExperienceUpsellingQuestion.mp4 in Resources */ = {isa = PBXBuildFile; fileRef = 2C4B7DA11C38ACA100359FD4 /* Retail Without ExperienceUpsellingQuestion.mp4 */; };
		2C4B7E221C38ACA100359FD4 /* Retail Without ExperienceWhy RetailAnswer.mp4 in Resources */ = {isa = PBXBuildFile; fileRef = 2C4B7DA21C38ACA100359FD4 /* Retail Without ExperienceWhy RetailAnswer.mp4 */; };
		2C4B7E231C38ACA100359FD4 /* Retail Without ExperienceWhy RetailQuestion.mp4 in Resources */ = {isa = PBXBuildFile; fileRef = 2C4B7DA31C38ACA100359FD4 /* Retail Without ExperienceWhy RetailQuestion.mp4 */; };
		2C4B7E241C38ACA100359FD4 /* Food ServiceAbout MeAnswer.mp4 in Resources */ = {isa = PBXBuildFile; fileRef = 2C4B7DA41C38ACA100359FD4 /* Food ServiceAbout MeAnswer.mp4 */; };
		2C4B7E251C38ACA100359FD4 /* Food ServiceAbout MeQuestion.mp4 in Resources */ = {isa = PBXBuildFile; fileRef = 2C4B7DA51C38ACA100359FD4 /* Food ServiceAbout MeQuestion.mp4 */; };
		2C4B7E261C38ACA100359FD4 /* Food ServiceExperienceAnswer.mp4 in Resources */ = {isa = PBXBuildFile; fileRef = 2C4B7DA61C38ACA100359FD4 /* Food ServiceExperienceAnswer.mp4 */; };
		2C4B7E271C38ACA100359FD4 /* Food ServiceExperienceQuestion.mp4 in Resources */ = {isa = PBXBuildFile; fileRef = 2C4B7DA71C38ACA100359FD4 /* Food ServiceExperienceQuestion.mp4 */; };
		2C4B7E281C38ACA100359FD4 /* Food ServiceGreetingAnswer.mp4 in Resources */ = {isa = PBXBuildFile; fileRef = 2C4B7DA81C38ACA100359FD4 /* Food ServiceGreetingAnswer.mp4 */; };
		2C4B7E291C38ACA100359FD4 /* Food ServiceGreetingQuestion.mp4 in Resources */ = {isa = PBXBuildFile; fileRef = 2C4B7DA91C38ACA100359FD4 /* Food ServiceGreetingQuestion.mp4 */; };
		2C4B7E2A1C38ACA100359FD4 /* Food ServiceResumeAnswer.mp4 in Resources */ = {isa = PBXBuildFile; fileRef = 2C4B7DAA1C38ACA100359FD4 /* Food ServiceResumeAnswer.mp4 */; };
		2C4B7E2B1C38ACA100359FD4 /* Food ServiceResumeQuestion.mp4 in Resources */ = {isa = PBXBuildFile; fileRef = 2C4B7DAB1C38ACA100359FD4 /* Food ServiceResumeQuestion.mp4 */; };
		2C4B7E2C1C38ACA100359FD4 /* GeneralAbout MeAnswer.mp4 in Resources */ = {isa = PBXBuildFile; fileRef = 2C4B7DAC1C38ACA100359FD4 /* GeneralAbout MeAnswer.mp4 */; };
		2C4B7E2D1C38ACA100359FD4 /* GeneralAbout MeQuestion.mp4 in Resources */ = {isa = PBXBuildFile; fileRef = 2C4B7DAD1C38ACA100359FD4 /* GeneralAbout MeQuestion.mp4 */; };
		2C4B7E2E1C38ACA100359FD4 /* GeneralGreetingAnswer.mp4 in Resources */ = {isa = PBXBuildFile; fileRef = 2C4B7DAE1C38ACA100359FD4 /* GeneralGreetingAnswer.mp4 */; };
		2C4B7E2F1C38ACA100359FD4 /* GeneralGreetingQuestion.mp4 in Resources */ = {isa = PBXBuildFile; fileRef = 2C4B7DAF1C38ACA100359FD4 /* GeneralGreetingQuestion.mp4 */; };
		2C4B7E301C38ACA100359FD4 /* GeneralResumeAnswer.mp4 in Resources */ = {isa = PBXBuildFile; fileRef = 2C4B7DB01C38ACA100359FD4 /* GeneralResumeAnswer.mp4 */; };
		2C4B7E311C38ACA100359FD4 /* GeneralResumeQuestion.mp4 in Resources */ = {isa = PBXBuildFile; fileRef = 2C4B7DB11C38ACA100359FD4 /* GeneralResumeQuestion.mp4 */; };
		2C4B7E321C38ACA100359FD4 /* HealthcareAny QuestionsAnswer.mp4 in Resources */ = {isa = PBXBuildFile; fileRef = 2C4B7DB21C38ACA100359FD4 /* HealthcareAny QuestionsAnswer.mp4 */; };
		2C4B7E331C38ACA100359FD4 /* HealthcareAny QuestionsQuestion.mp4 in Resources */ = {isa = PBXBuildFile; fileRef = 2C4B7DB31C38ACA100359FD4 /* HealthcareAny QuestionsQuestion.mp4 */; };
		2C4B7E341C38ACA100359FD4 /* HealthcareExperienceAnswer.mp4 in Resources */ = {isa = PBXBuildFile; fileRef = 2C4B7DB41C38ACA100359FD4 /* HealthcareExperienceAnswer.mp4 */; };
		2C4B7E351C38ACA100359FD4 /* HealthcareExperienceQuestion.mp4 in Resources */ = {isa = PBXBuildFile; fileRef = 2C4B7DB51C38ACA100359FD4 /* HealthcareExperienceQuestion.mp4 */; };
		2C4B7E361C38ACA100359FD4 /* HealthcareFarewellAnswer.mp4 in Resources */ = {isa = PBXBuildFile; fileRef = 2C4B7DB61C38ACA100359FD4 /* HealthcareFarewellAnswer.mp4 */; };
		2C4B7E371C38ACA100359FD4 /* HealthcareFarewellQuestion.mp4 in Resources */ = {isa = PBXBuildFile; fileRef = 2C4B7DB71C38ACA100359FD4 /* HealthcareFarewellQuestion.mp4 */; };
		2C4B7E381C38ACA100359FD4 /* HealthcareGreetingAnswer.mp4 in Resources */ = {isa = PBXBuildFile; fileRef = 2C4B7DB81C38ACA100359FD4 /* HealthcareGreetingAnswer.mp4 */; };
		2C4B7E391C38ACA100359FD4 /* HealthcareGreetingQuestion.mp4 in Resources */ = {isa = PBXBuildFile; fileRef = 2C4B7DB91C38ACA100359FD4 /* HealthcareGreetingQuestion.mp4 */; };
		2C4B7E3A1C38ACA100359FD4 /* HealthcarePrevious PositionAnswer.mp4 in Resources */ = {isa = PBXBuildFile; fileRef = 2C4B7DBA1C38ACA100359FD4 /* HealthcarePrevious PositionAnswer.mp4 */; };
		2C4B7E3B1C38ACA100359FD4 /* HealthcarePrevious PositionQuestion.mp4 in Resources */ = {isa = PBXBuildFile; fileRef = 2C4B7DBB1C38ACA100359FD4 /* HealthcarePrevious PositionQuestion.mp4 */; };
		2C4B7E3C1C38ACA100359FD4 /* HealthcareResumeAnswer.mp4 in Resources */ = {isa = PBXBuildFile; fileRef = 2C4B7DBC1C38ACA100359FD4 /* HealthcareResumeAnswer.mp4 */; };
		2C4B7E3D1C38ACA100359FD4 /* HealthcareResumeQuestion.mp4 in Resources */ = {isa = PBXBuildFile; fileRef = 2C4B7DBD1C38ACA100359FD4 /* HealthcareResumeQuestion.mp4 */; };
		2C4B7E3E1C38ACA100359FD4 /* HealthcareWhy Should We Hire YouAnswer.mp4 in Resources */ = {isa = PBXBuildFile; fileRef = 2C4B7DBE1C38ACA100359FD4 /* HealthcareWhy Should We Hire YouAnswer.mp4 */; };
		2C4B7E3F1C38ACA100359FD4 /* HealthcareWhy Should We Hire YouQuestion.mp4 in Resources */ = {isa = PBXBuildFile; fileRef = 2C4B7DBF1C38ACA100359FD4 /* HealthcareWhy Should We Hire YouQuestion.mp4 */; };
		2C4B7E401C38ACA100359FD4 /* HospitalityAbout MeAnswer.mp4 in Resources */ = {isa = PBXBuildFile; fileRef = 2C4B7DC01C38ACA100359FD4 /* HospitalityAbout MeAnswer.mp4 */; };
		2C4B7E411C38ACA100359FD4 /* HospitalityAbout MeQuestion.mp4 in Resources */ = {isa = PBXBuildFile; fileRef = 2C4B7DC11C38ACA100359FD4 /* HospitalityAbout MeQuestion.mp4 */; };
		2C4B7E421C38ACA100359FD4 /* HospitalityCustomer ServiceAnswer.mp4 in Resources */ = {isa = PBXBuildFile; fileRef = 2C4B7DC21C38ACA100359FD4 /* HospitalityCustomer ServiceAnswer.mp4 */; };
		2C4B7E431C38ACA100359FD4 /* HospitalityCustomer ServiceQuestion.mp4 in Resources */ = {isa = PBXBuildFile; fileRef = 2C4B7DC31C38ACA100359FD4 /* HospitalityCustomer ServiceQuestion.mp4 */; };
		2C4B7E441C38ACA100359FD4 /* HospitalityGreetingAnswer.mp4 in Resources */ = {isa = PBXBuildFile; fileRef = 2C4B7DC41C38ACA100359FD4 /* HospitalityGreetingAnswer.mp4 */; };
		2C4B7E451C38ACA100359FD4 /* HospitalityGreetingQuestion.mp4 in Resources */ = {isa = PBXBuildFile; fileRef = 2C4B7DC51C38ACA100359FD4 /* HospitalityGreetingQuestion.mp4 */; };
		2C4B7E461C38ACA100359FD4 /* HospitalityResumeAnswer.mp4 in Resources */ = {isa = PBXBuildFile; fileRef = 2C4B7DC61C38ACA100359FD4 /* HospitalityResumeAnswer.mp4 */; };
		2C4B7E471C38ACA100359FD4 /* HospitalityResumeQuestion.mp4 in Resources */ = {isa = PBXBuildFile; fileRef = 2C4B7DC71C38ACA100359FD4 /* HospitalityResumeQuestion.mp4 */; };
		2C4B7E481C38ACA100359FD4 /* Retail With ExperienceAny QuestionsAnswer.mp4 in Resources */ = {isa = PBXBuildFile; fileRef = 2C4B7DC81C38ACA100359FD4 /* Retail With ExperienceAny QuestionsAnswer.mp4 */; };
		2C4B7E491C38ACA100359FD4 /* Retail With ExperienceAny QuestionsQuestion.mp4 in Resources */ = {isa = PBXBuildFile; fileRef = 2C4B7DC91C38ACA100359FD4 /* Retail With ExperienceAny QuestionsQuestion.mp4 */; };
		2C4B7E4A1C38ACA100359FD4 /* Retail With ExperienceExperienceAnswer.mp4 in Resources */ = {isa = PBXBuildFile; fileRef = 2C4B7DCA1C38ACA100359FD4 /* Retail With ExperienceExperienceAnswer.mp4 */; };
		2C4B7E4B1C38ACA100359FD4 /* Retail With ExperienceExperienceQuestion.mp4 in Resources */ = {isa = PBXBuildFile; fileRef = 2C4B7DCB1C38ACA100359FD4 /* Retail With ExperienceExperienceQuestion.mp4 */; };
		2C4B7E4C1C38ACA100359FD4 /* Retail With ExperienceFarewellAnswer.mp4 in Resources */ = {isa = PBXBuildFile; fileRef = 2C4B7DCC1C38ACA100359FD4 /* Retail With ExperienceFarewellAnswer.mp4 */; };
		2C4B7E4D1C38ACA100359FD4 /* Retail With ExperienceFarewellQuestion.mp4 in Resources */ = {isa = PBXBuildFile; fileRef = 2C4B7DCD1C38ACA100359FD4 /* Retail With ExperienceFarewellQuestion.mp4 */; };
		2C4B7E4E1C38ACA100359FD4 /* Retail With ExperienceGreetingAnswer.mp4 in Resources */ = {isa = PBXBuildFile; fileRef = 2C4B7DCE1C38ACA100359FD4 /* Retail With ExperienceGreetingAnswer.mp4 */; };
		2C4B7E4F1C38ACA100359FD4 /* Retail With ExperienceGreetingQuestion.mp4 in Resources */ = {isa = PBXBuildFile; fileRef = 2C4B7DCF1C38ACA100359FD4 /* Retail With ExperienceGreetingQuestion.mp4 */; };
		2C4B7E501C38ACA100359FD4 /* Retail With ExperienceResumeAnswer.mp4 in Resources */ = {isa = PBXBuildFile; fileRef = 2C4B7DD01C38ACA100359FD4 /* Retail With ExperienceResumeAnswer.mp4 */; };
		2C4B7E511C38ACA100359FD4 /* Retail With ExperienceResumeQuestion.mp4 in Resources */ = {isa = PBXBuildFile; fileRef = 2C4B7DD11C38ACA100359FD4 /* Retail With ExperienceResumeQuestion.mp4 */; };
		2C4B7E521C38ACA100359FD4 /* Retail With ExperienceWhat Did You EnjoyAnswer.mp4 in Resources */ = {isa = PBXBuildFile; fileRef = 2C4B7DD21C38ACA100359FD4 /* Retail With ExperienceWhat Did You EnjoyAnswer.mp4 */; };
		2C4B7E531C38ACA100359FD4 /* Retail With ExperienceWhat Did You EnjoyQuestion.mp4 in Resources */ = {isa = PBXBuildFile; fileRef = 2C4B7DD31C38ACA100359FD4 /* Retail With ExperienceWhat Did You EnjoyQuestion.mp4 */; };
		2C4B7E541C38ACA100359FD4 /* Retail With ExperienceWhy Should We Hire YouAnswer.mp4 in Resources */ = {isa = PBXBuildFile; fileRef = 2C4B7DD41C38ACA100359FD4 /* Retail With ExperienceWhy Should We Hire YouAnswer.mp4 */; };
		2C4B7E551C38ACA100359FD4 /* Retail With ExperienceWhy Should We Hire YouQuestion.mp4 in Resources */ = {isa = PBXBuildFile; fileRef = 2C4B7DD51C38ACA100359FD4 /* Retail With ExperienceWhy Should We Hire YouQuestion.mp4 */; };
		2C4B7E561C38ACA100359FD4 /* Retail Without ExperienceExperienceAnswer.mp4 in Resources */ = {isa = PBXBuildFile; fileRef = 2C4B7DD61C38ACA100359FD4 /* Retail Without ExperienceExperienceAnswer.mp4 */; };
		2C4B7E571C38ACA100359FD4 /* Retail Without ExperienceExperienceQuestion.mp4 in Resources */ = {isa = PBXBuildFile; fileRef = 2C4B7DD71C38ACA100359FD4 /* Retail Without ExperienceExperienceQuestion.mp4 */; };
		2C4B7E581C38ACA100359FD4 /* Retail Without ExperienceGreetingAnswer.mp4 in Resources */ = {isa = PBXBuildFile; fileRef = 2C4B7DD81C38ACA100359FD4 /* Retail Without ExperienceGreetingAnswer.mp4 */; };
		2C4B7E591C38ACA100359FD4 /* Retail Without ExperienceGreetingQuestion.mp4 in Resources */ = {isa = PBXBuildFile; fileRef = 2C4B7DD91C38ACA100359FD4 /* Retail Without ExperienceGreetingQuestion.mp4 */; };
		2C4B7E5A1C38ACA100359FD4 /* Retail Without ExperienceResumeAnswer.mp4 in Resources */ = {isa = PBXBuildFile; fileRef = 2C4B7DDA1C38ACA100359FD4 /* Retail Without ExperienceResumeAnswer.mp4 */; };
		2C4B7E5B1C38ACA100359FD4 /* Retail Without ExperienceResumeQuestion.mp4 in Resources */ = {isa = PBXBuildFile; fileRef = 2C4B7DDB1C38ACA100359FD4 /* Retail Without ExperienceResumeQuestion.mp4 */; };
		2C4B7E5C1C38ACA100359FD4 /* HealthcareDress CodeAnswer.mp4 in Resources */ = {isa = PBXBuildFile; fileRef = 2C4B7DDC1C38ACA100359FD4 /* HealthcareDress CodeAnswer.mp4 */; };
		2C4B7E5D1C38ACA100359FD4 /* HealthcareDress CodeQuestion.mp4 in Resources */ = {isa = PBXBuildFile; fileRef = 2C4B7DDD1C38ACA100359FD4 /* HealthcareDress CodeQuestion.mp4 */; };
		2C4B7E5E1C38ACA100359FD4 /* HealthcareNights and WeekendsAnswer.mp4 in Resources */ = {isa = PBXBuildFile; fileRef = 2C4B7DDE1C38ACA100359FD4 /* HealthcareNights and WeekendsAnswer.mp4 */; };
		2C4B7E5F1C38ACA100359FD4 /* HealthcareNights and WeekendsQuestion.mp4 in Resources */ = {isa = PBXBuildFile; fileRef = 2C4B7DDF1C38ACA100359FD4 /* HealthcareNights and WeekendsQuestion.mp4 */; };
		2C4B7E601C38ACA100359FD4 /* HealthcareSchool ValuesAnswer.mp4 in Resources */ = {isa = PBXBuildFile; fileRef = 2C4B7DE01C38ACA100359FD4 /* HealthcareSchool ValuesAnswer.mp4 */; };
		2C4B7E611C38ACA100359FD4 /* HealthcareSchool ValuesQuestion.mp4 in Resources */ = {isa = PBXBuildFile; fileRef = 2C4B7DE11C38ACA100359FD4 /* HealthcareSchool ValuesQuestion.mp4 */; };
		2C4B7E621C38ACA100359FD4 /* Retail With ExperienceSchool ValuesAnswer.mp4 in Resources */ = {isa = PBXBuildFile; fileRef = 2C4B7DE21C38ACA100359FD4 /* Retail With ExperienceSchool ValuesAnswer.mp4 */; };
		2C4B7E631C38ACA100359FD4 /* Retail With ExperienceSchool ValuesQuestion.mp4 in Resources */ = {isa = PBXBuildFile; fileRef = 2C4B7DE31C38ACA100359FD4 /* Retail With ExperienceSchool ValuesQuestion.mp4 */; };
		2C4B7E641C38ACA100359FD4 /* Retail With ExperienceTell Me a TimeAnswer.mp4 in Resources */ = {isa = PBXBuildFile; fileRef = 2C4B7DE41C38ACA100359FD4 /* Retail With ExperienceTell Me a TimeAnswer.mp4 */; };
		2C4B7E651C38ACA100359FD4 /* Retail With ExperienceTell Me a TimeQuesiton.mp4 in Resources */ = {isa = PBXBuildFile; fileRef = 2C4B7DE51C38ACA100359FD4 /* Retail With ExperienceTell Me a TimeQuesiton.mp4 */; };
		2C4B7E661C38ACA100359FD4 /* Retail Without ExperienceFarewellAnswer.mp4 in Resources */ = {isa = PBXBuildFile; fileRef = 2C4B7DE61C38ACA100359FD4 /* Retail Without ExperienceFarewellAnswer.mp4 */; };
		2C4B7E671C38ACA100359FD4 /* Retail Without ExperienceFarewellQuestion.mp4 in Resources */ = {isa = PBXBuildFile; fileRef = 2C4B7DE71C38ACA100359FD4 /* Retail Without ExperienceFarewellQuestion.mp4 */; };
		2C4FB6BD1C35B2E500643273 /* PromptSettings.plist in Resources */ = {isa = PBXBuildFile; fileRef = 2C4FB6BC1C35B2E500643273 /* PromptSettings.plist */; };
		2CAF7C0D1C2C780200FC81E9 /* AppDelegate.swift in Sources */ = {isa = PBXBuildFile; fileRef = 2CAF7C0C1C2C780200FC81E9 /* AppDelegate.swift */; };
		2CAF7C0F1C2C780200FC81E9 /* VideoViewController.swift in Sources */ = {isa = PBXBuildFile; fileRef = 2CAF7C0E1C2C780200FC81E9 /* VideoViewController.swift */; };
		2CAF7C121C2C780200FC81E9 /* Main.storyboard in Resources */ = {isa = PBXBuildFile; fileRef = 2CAF7C101C2C780200FC81E9 /* Main.storyboard */; };
		2CAF7C141C2C780200FC81E9 /* Assets.xcassets in Resources */ = {isa = PBXBuildFile; fileRef = 2CAF7C131C2C780200FC81E9 /* Assets.xcassets */; };
		2CAF7C171C2C780200FC81E9 /* LaunchScreen.storyboard in Resources */ = {isa = PBXBuildFile; fileRef = 2CAF7C151C2C780200FC81E9 /* LaunchScreen.storyboard */; };
		2CAF7C221C2C780200FC81E9 /* VidCoach2Tests.swift in Sources */ = {isa = PBXBuildFile; fileRef = 2CAF7C211C2C780200FC81E9 /* VidCoach2Tests.swift */; };
		2CAF7C2D1C2CA73000FC81E9 /* interviewQuestion.swift in Sources */ = {isa = PBXBuildFile; fileRef = 2CAF7C2C1C2CA72F00FC81E9 /* interviewQuestion.swift */; };
		2CAF7C2E1C2CA73000FC81E9 /* interviewQuestion.swift in Sources */ = {isa = PBXBuildFile; fileRef = 2CAF7C2C1C2CA72F00FC81E9 /* interviewQuestion.swift */; };
		2CAF7C301C2CD14500FC81E9 /* Video.swift in Sources */ = {isa = PBXBuildFile; fileRef = 2CAF7C2F1C2CD14500FC81E9 /* Video.swift */; };
		2CAF7C381C2D0B2A00FC81E9 /* InterviewTableViewController.swift in Sources */ = {isa = PBXBuildFile; fileRef = 2CAF7C371C2D0B2A00FC81E9 /* InterviewTableViewController.swift */; };
		2CAF7C3A1C2D0F5100FC81E9 /* interviews.plist in Resources */ = {isa = PBXBuildFile; fileRef = 2CAF7C391C2D0F5100FC81E9 /* interviews.plist */; };
		2CAF7C3C1C318EFC00FC81E9 /* QuestionTableViewController.swift in Sources */ = {isa = PBXBuildFile; fileRef = 2CAF7C3B1C318EFC00FC81E9 /* QuestionTableViewController.swift */; };
		2CAF7C3E1C31A78100FC81E9 /* InterviewTableViewCell.swift in Sources */ = {isa = PBXBuildFile; fileRef = 2CAF7C3D1C31A78100FC81E9 /* InterviewTableViewCell.swift */; };
		2CAF7C401C31B89600FC81E9 /* InterviewCellInfo.swift in Sources */ = {isa = PBXBuildFile; fileRef = 2CAF7C3F1C31B89600FC81E9 /* InterviewCellInfo.swift */; };
/* End PBXBuildFile section */

/* Begin PBXContainerItemProxy section */
		2CAF7C1E1C2C780200FC81E9 /* PBXContainerItemProxy */ = {
			isa = PBXContainerItemProxy;
			containerPortal = 2CAF7C011C2C780200FC81E9 /* Project object */;
			proxyType = 1;
			remoteGlobalIDString = 2CAF7C081C2C780200FC81E9;
			remoteInfo = VidCoach2;
		};
/* End PBXContainerItemProxy section */

/* Begin PBXFileReference section */
		2C367ADC1C3346ED007D67DB /* QuestionTableViewCell.swift */ = {isa = PBXFileReference; fileEncoding = 4; lastKnownFileType = sourcecode.swift; path = QuestionTableViewCell.swift; sourceTree = "<group>"; };
		2C367ADE1C343660007D67DB /* PostPrompt.swift */ = {isa = PBXFileReference; fileEncoding = 4; lastKnownFileType = sourcecode.swift; path = PostPrompt.swift; sourceTree = "<group>"; };
		2C367AE01C343A91007D67DB /* PrePrompts.plist */ = {isa = PBXFileReference; fileEncoding = 4; lastKnownFileType = text.plist.xml; path = PrePrompts.plist; sourceTree = "<group>"; };
		2C367AE21C344ECE007D67DB /* PostPrompts.plist */ = {isa = PBXFileReference; fileEncoding = 4; lastKnownFileType = text.plist.xml; path = PostPrompts.plist; sourceTree = "<group>"; };
		2C367AE41C346AC5007D67DB /* SimpleAlert.swift */ = {isa = PBXFileReference; fileEncoding = 4; lastKnownFileType = sourcecode.swift; path = SimpleAlert.swift; sourceTree = "<group>"; };
		2C367AE61C346AF1007D67DB /* SimpleAlert.xib */ = {isa = PBXFileReference; fileEncoding = 4; lastKnownFileType = file.xib; path = SimpleAlert.xib; sourceTree = "<group>"; };
		2C367B391C3497A0007D67DB /* AVSegmentPlayerViewController.swift */ = {isa = PBXFileReference; fileEncoding = 4; lastKnownFileType = sourcecode.swift; path = AVSegmentPlayerViewController.swift; sourceTree = "<group>"; };
		2C4B7D681C38ACA100359FD4 /* Food ServiceAny QuestionsQuestion.mp4 */ = {isa = PBXFileReference; lastKnownFileType = file; path = "Food ServiceAny QuestionsQuestion.mp4"; sourceTree = "<group>"; };
		2C4B7D691C38ACA100359FD4 /* Food ServiceFarewellAnswer.mp4 */ = {isa = PBXFileReference; lastKnownFileType = file; path = "Food ServiceFarewellAnswer.mp4"; sourceTree = "<group>"; };
		2C4B7D6A1C38ACA100359FD4 /* Food ServiceFarewellQuestion.mp4 */ = {isa = PBXFileReference; lastKnownFileType = file; path = "Food ServiceFarewellQuestion.mp4"; sourceTree = "<group>"; };
		2C4B7D6B1C38ACA100359FD4 /* HealthcareHelping While On BreakAnswer.mp4 */ = {isa = PBXFileReference; lastKnownFileType = file; path = "HealthcareHelping While On BreakAnswer.mp4"; sourceTree = "<group>"; };
		2C4B7D6C1C38ACA100359FD4 /* HealthcareHelping While On BreakQuestion.mp4 */ = {isa = PBXFileReference; lastKnownFileType = file; path = "HealthcareHelping While On BreakQuestion.mp4"; sourceTree = "<group>"; };
		2C4B7D6D1C38ACA100359FD4 /* HealthcareTell Me a TimeAnswer.mp4 */ = {isa = PBXFileReference; lastKnownFileType = file; path = "HealthcareTell Me a TimeAnswer.mp4"; sourceTree = "<group>"; };
		2C4B7D6E1C38ACA100359FD4 /* HealthcareTell Me a TimeQuestion.mp4 */ = {isa = PBXFileReference; lastKnownFileType = file; path = "HealthcareTell Me a TimeQuestion.mp4"; sourceTree = "<group>"; };
		2C4B7D6F1C38ACA100359FD4 /* HospitalityAny QuestionsQuestion.mp4 */ = {isa = PBXFileReference; lastKnownFileType = file; path = "HospitalityAny QuestionsQuestion.mp4"; sourceTree = "<group>"; };
		2C4B7D701C38ACA100359FD4 /* HospitalityFarewellAnswer.mp4 */ = {isa = PBXFileReference; lastKnownFileType = file; path = HospitalityFarewellAnswer.mp4; sourceTree = "<group>"; };
		2C4B7D711C38ACA100359FD4 /* HospitalityFarewellQuestion.mp4 */ = {isa = PBXFileReference; lastKnownFileType = file; path = HospitalityFarewellQuestion.mp4; sourceTree = "<group>"; };
		2C4B7D721C38ACA100359FD4 /* Retail With ExperienceCustomer ServiceAnswer.mp4 */ = {isa = PBXFileReference; lastKnownFileType = file; path = "Retail With ExperienceCustomer ServiceAnswer.mp4"; sourceTree = "<group>"; };
		2C4B7D731C38ACA100359FD4 /* Retail With ExperienceCustomer ServiceQuestion.mp4 */ = {isa = PBXFileReference; lastKnownFileType = file; path = "Retail With ExperienceCustomer ServiceQuestion.mp4"; sourceTree = "<group>"; };
		2C4B7D741C38ACA100359FD4 /* Retail With ExperienceUpsellingAnswer.mp4 */ = {isa = PBXFileReference; lastKnownFileType = file; path = "Retail With ExperienceUpsellingAnswer.mp4"; sourceTree = "<group>"; };
		2C4B7D751C38ACA100359FD4 /* Retail With ExperienceUpsellingQuestion.mp4 */ = {isa = PBXFileReference; lastKnownFileType = file; path = "Retail With ExperienceUpsellingQuestion.mp4"; sourceTree = "<group>"; };
		2C4B7D761C38ACA100359FD4 /* Retail Without ExperienceAny QuestionsAnswer.mp4 */ = {isa = PBXFileReference; lastKnownFileType = file; path = "Retail Without ExperienceAny QuestionsAnswer.mp4"; sourceTree = "<group>"; };
		2C4B7D771C38ACA100359FD4 /* Retail Without ExperienceAny QuestionsQuestion.mp4 */ = {isa = PBXFileReference; lastKnownFileType = file; path = "Retail Without ExperienceAny QuestionsQuestion.mp4"; sourceTree = "<group>"; };
		2C4B7D781C38ACA100359FD4 /* Retail Without ExperienceWhy Should We Hire YouAnswer.mp4 */ = {isa = PBXFileReference; lastKnownFileType = file; path = "Retail Without ExperienceWhy Should We Hire YouAnswer.mp4"; sourceTree = "<group>"; };
		2C4B7D791C38ACA100359FD4 /* Retail Without ExperienceWhy Should We Hire YouQuestion.mp4 */ = {isa = PBXFileReference; lastKnownFileType = file; path = "Retail Without ExperienceWhy Should We Hire YouQuestion.mp4"; sourceTree = "<group>"; };
		2C4B7D7A1C38ACA100359FD4 /* Food ServiceAny QuestionsAnswer.mp4 */ = {isa = PBXFileReference; lastKnownFileType = file; path = "Food ServiceAny QuestionsAnswer.mp4"; sourceTree = "<group>"; };
		2C4B7D7B1C38ACA100359FD4 /* Food ServiceAre You A Team PlayerAnswer.mp4 */ = {isa = PBXFileReference; lastKnownFileType = file; path = "Food ServiceAre You A Team PlayerAnswer.mp4"; sourceTree = "<group>"; };
		2C4B7D7C1C38ACA100359FD4 /* Food ServiceAre You A Team PlayerQuestion.mp4 */ = {isa = PBXFileReference; lastKnownFileType = file; path = "Food ServiceAre You A Team PlayerQuestion.mp4"; sourceTree = "<group>"; };
		2C4B7D7D1C38ACA100359FD4 /* Food ServiceTell Me a TimeAnswer.mp4 */ = {isa = PBXFileReference; lastKnownFileType = file; path = "Food ServiceTell Me a TimeAnswer.mp4"; sourceTree = "<group>"; };
		2C4B7D7E1C38ACA100359FD4 /* Food ServiceTell Me a TimeQuestion.mp4 */ = {isa = PBXFileReference; lastKnownFileType = file; path = "Food ServiceTell Me a TimeQuestion.mp4"; sourceTree = "<group>"; };
		2C4B7D7F1C38ACA100359FD4 /* Food ServiceWhy Should We Hire YouAnswer.mp4 */ = {isa = PBXFileReference; lastKnownFileType = file; path = "Food ServiceWhy Should We Hire YouAnswer.mp4"; sourceTree = "<group>"; };
		2C4B7D801C38ACA100359FD4 /* Food ServiceWhy Should We Hire YouQuestion.mp4 */ = {isa = PBXFileReference; lastKnownFileType = file; path = "Food ServiceWhy Should We Hire YouQuestion.mp4"; sourceTree = "<group>"; };
		2C4B7D811C38ACA100359FD4 /* GeneralQuestionsAnswer.mp4 */ = {isa = PBXFileReference; lastKnownFileType = file; path = GeneralQuestionsAnswer.mp4; sourceTree = "<group>"; };
		2C4B7D821C38ACA100359FD4 /* GeneralQuestionsQuestion.mp4 */ = {isa = PBXFileReference; lastKnownFileType = file; path = GeneralQuestionsQuestion.mp4; sourceTree = "<group>"; };
		2C4B7D831C38ACA100359FD4 /* GeneralStrengthsAnswer.mp4 */ = {isa = PBXFileReference; lastKnownFileType = file; path = GeneralStrengthsAnswer.mp4; sourceTree = "<group>"; };
		2C4B7D841C38ACA100359FD4 /* GeneralStrengthsQuestion.mp4 */ = {isa = PBXFileReference; lastKnownFileType = file; path = GeneralStrengthsQuestion.mp4; sourceTree = "<group>"; };
		2C4B7D851C38ACA100359FD4 /* GeneralWhy Should We Hire YouAnswer.mp4 */ = {isa = PBXFileReference; lastKnownFileType = file; path = "GeneralWhy Should We Hire YouAnswer.mp4"; sourceTree = "<group>"; };
		2C4B7D861C38ACA100359FD4 /* GeneralWhy Should We Hire YouQuestion.mp4 */ = {isa = PBXFileReference; lastKnownFileType = file; path = "GeneralWhy Should We Hire YouQuestion.mp4"; sourceTree = "<group>"; };
		2C4B7D871C38ACA100359FD4 /* GeneralFarewellAnswer.mp4 */ = {isa = PBXFileReference; lastKnownFileType = file; path = GeneralFarewellAnswer.mp4; sourceTree = "<group>"; };
		2C4B7D881C38ACA100359FD4 /* GeneralFarewellQuestion.mp4 */ = {isa = PBXFileReference; lastKnownFileType = file; path = GeneralFarewellQuestion.mp4; sourceTree = "<group>"; };
		2C4B7D891C38ACA100359FD4 /* HealthcareCoworkersAnswer.mp4 */ = {isa = PBXFileReference; lastKnownFileType = file; path = HealthcareCoworkersAnswer.mp4; sourceTree = "<group>"; };
		2C4B7D8A1C38ACA100359FD4 /* HealthcareCoworkersQuestion.mp4 */ = {isa = PBXFileReference; lastKnownFileType = file; path = HealthcareCoworkersQuestion.mp4; sourceTree = "<group>"; };
		2C4B7D8B1C38ACA100359FD4 /* HealthcareLeaving Previous PositionAnswer.mp4 */ = {isa = PBXFileReference; lastKnownFileType = file; path = "HealthcareLeaving Previous PositionAnswer.mp4"; sourceTree = "<group>"; };
		2C4B7D8C1C38ACA100359FD4 /* HealthcareLeaving Previous PositionQuesiton.mp4 */ = {isa = PBXFileReference; lastKnownFileType = file; path = "HealthcareLeaving Previous PositionQuesiton.mp4"; sourceTree = "<group>"; };
		2C4B7D8D1C38ACA100359FD4 /* HealthcareWhy HealthcareAnswer.mp4 */ = {isa = PBXFileReference; lastKnownFileType = file; path = "HealthcareWhy HealthcareAnswer.mp4"; sourceTree = "<group>"; };
		2C4B7D8E1C38ACA100359FD4 /* HealthcareWhy HealthcareQuestion.mp4 */ = {isa = PBXFileReference; lastKnownFileType = file; path = "HealthcareWhy HealthcareQuestion.mp4"; sourceTree = "<group>"; };
		2C4B7D8F1C38ACA100359FD4 /* HospitalityAny QuestionsAnswer.mp4 */ = {isa = PBXFileReference; lastKnownFileType = file; path = "HospitalityAny QuestionsAnswer.mp4"; sourceTree = "<group>"; };
		2C4B7D901C38ACA100359FD4 /* HospitalityPositive ChangeAnswer.mp4 */ = {isa = PBXFileReference; lastKnownFileType = file; path = "HospitalityPositive ChangeAnswer.mp4"; sourceTree = "<group>"; };
		2C4B7D911C38ACA100359FD4 /* HospitalityPositive ChangeQuestion.mp4 */ = {isa = PBXFileReference; lastKnownFileType = file; path = "HospitalityPositive ChangeQuestion.mp4"; sourceTree = "<group>"; };
		2C4B7D921C38ACA100359FD4 /* HospitalityUnhappy CustomerAnswer.mp4 */ = {isa = PBXFileReference; lastKnownFileType = file; path = "HospitalityUnhappy CustomerAnswer.mp4"; sourceTree = "<group>"; };
		2C4B7D931C38ACA100359FD4 /* HospitalityUnhappy CustomerQuestion.mp4 */ = {isa = PBXFileReference; lastKnownFileType = file; path = "HospitalityUnhappy CustomerQuestion.mp4"; sourceTree = "<group>"; };
		2C4B7D941C38ACA100359FD4 /* HospitalityWhy Should We Hire YouAnswer.mp4 */ = {isa = PBXFileReference; lastKnownFileType = file; path = "HospitalityWhy Should We Hire YouAnswer.mp4"; sourceTree = "<group>"; };
		2C4B7D951C38ACA100359FD4 /* HospitalityWhy Should We Hire YouQuestion.mp4 */ = {isa = PBXFileReference; lastKnownFileType = file; path = "HospitalityWhy Should We Hire YouQuestion.mp4"; sourceTree = "<group>"; };
		2C4B7D961C38ACA100359FD4 /* Retail With ExperienceCoworkersAnswer.mp4 */ = {isa = PBXFileReference; lastKnownFileType = file; path = "Retail With ExperienceCoworkersAnswer.mp4"; sourceTree = "<group>"; };
		2C4B7D971C38ACA100359FD4 /* Retail With ExperienceCoworkersQuestion.mp4 */ = {isa = PBXFileReference; lastKnownFileType = file; path = "Retail With ExperienceCoworkersQuestion.mp4"; sourceTree = "<group>"; };
		2C4B7D981C38ACA100359FD4 /* Retail With ExperienceLeaving Previous PositionAnswer.mp4 */ = {isa = PBXFileReference; lastKnownFileType = file; path = "Retail With ExperienceLeaving Previous PositionAnswer.mp4"; sourceTree = "<group>"; };
		2C4B7D991C38ACA100359FD4 /* Retail With ExperienceLeaving Previous PositionQuestion.mp4 */ = {isa = PBXFileReference; lastKnownFileType = file; path = "Retail With ExperienceLeaving Previous PositionQuestion.mp4"; sourceTree = "<group>"; };
		2C4B7D9A1C38ACA100359FD4 /* Retail With ExperienceWhat Do You Like About RetailAnswer.mp4 */ = {isa = PBXFileReference; lastKnownFileType = file; path = "Retail With ExperienceWhat Do You Like About RetailAnswer.mp4"; sourceTree = "<group>"; };
		2C4B7D9B1C38ACA100359FD4 /* Retail With ExperienceWhat Do You Like About RetailQuestion.mp4 */ = {isa = PBXFileReference; lastKnownFileType = file; path = "Retail With ExperienceWhat Do You Like About RetailQuestion.mp4"; sourceTree = "<group>"; };
		2C4B7D9C1C38ACA100359FD4 /* Retail Without ExperienceCustomer ServiceAnswer.mp4 */ = {isa = PBXFileReference; lastKnownFileType = file; path = "Retail Without ExperienceCustomer ServiceAnswer.mp4"; sourceTree = "<group>"; };
		2C4B7D9D1C38ACA100359FD4 /* Retail Without ExperienceCustomer ServiceQuestion.mp4 */ = {isa = PBXFileReference; lastKnownFileType = file; path = "Retail Without ExperienceCustomer ServiceQuestion.mp4"; sourceTree = "<group>"; };
		2C4B7D9E1C38ACA100359FD4 /* Retail Without ExperienceSchool ValuesAnswer.mp4 */ = {isa = PBXFileReference; lastKnownFileType = file; path = "Retail Without ExperienceSchool ValuesAnswer.mp4"; sourceTree = "<group>"; };
		2C4B7D9F1C38ACA100359FD4 /* Retail Without ExperienceSchool ValuesQuestion.mp4 */ = {isa = PBXFileReference; lastKnownFileType = file; path = "Retail Without ExperienceSchool ValuesQuestion.mp4"; sourceTree = "<group>"; };
		2C4B7DA01C38ACA100359FD4 /* Retail Without ExperienceUpsellingAnswer.mp4 */ = {isa = PBXFileReference; lastKnownFileType = file; path = "Retail Without ExperienceUpsellingAnswer.mp4"; sourceTree = "<group>"; };
		2C4B7DA11C38ACA100359FD4 /* Retail Without ExperienceUpsellingQuestion.mp4 */ = {isa = PBXFileReference; lastKnownFileType = file; path = "Retail Without ExperienceUpsellingQuestion.mp4"; sourceTree = "<group>"; };
		2C4B7DA21C38ACA100359FD4 /* Retail Without ExperienceWhy RetailAnswer.mp4 */ = {isa = PBXFileReference; lastKnownFileType = file; path = "Retail Without ExperienceWhy RetailAnswer.mp4"; sourceTree = "<group>"; };
		2C4B7DA31C38ACA100359FD4 /* Retail Without ExperienceWhy RetailQuestion.mp4 */ = {isa = PBXFileReference; lastKnownFileType = file; path = "Retail Without ExperienceWhy RetailQuestion.mp4"; sourceTree = "<group>"; };
		2C4B7DA41C38ACA100359FD4 /* Food ServiceAbout MeAnswer.mp4 */ = {isa = PBXFileReference; lastKnownFileType = file; path = "Food ServiceAbout MeAnswer.mp4"; sourceTree = "<group>"; };
		2C4B7DA51C38ACA100359FD4 /* Food ServiceAbout MeQuestion.mp4 */ = {isa = PBXFileReference; lastKnownFileType = file; path = "Food ServiceAbout MeQuestion.mp4"; sourceTree = "<group>"; };
		2C4B7DA61C38ACA100359FD4 /* Food ServiceExperienceAnswer.mp4 */ = {isa = PBXFileReference; lastKnownFileType = file; path = "Food ServiceExperienceAnswer.mp4"; sourceTree = "<group>"; };
		2C4B7DA71C38ACA100359FD4 /* Food ServiceExperienceQuestion.mp4 */ = {isa = PBXFileReference; lastKnownFileType = file; path = "Food ServiceExperienceQuestion.mp4"; sourceTree = "<group>"; };
		2C4B7DA81C38ACA100359FD4 /* Food ServiceGreetingAnswer.mp4 */ = {isa = PBXFileReference; lastKnownFileType = file; path = "Food ServiceGreetingAnswer.mp4"; sourceTree = "<group>"; };
		2C4B7DA91C38ACA100359FD4 /* Food ServiceGreetingQuestion.mp4 */ = {isa = PBXFileReference; lastKnownFileType = file; path = "Food ServiceGreetingQuestion.mp4"; sourceTree = "<group>"; };
		2C4B7DAA1C38ACA100359FD4 /* Food ServiceResumeAnswer.mp4 */ = {isa = PBXFileReference; lastKnownFileType = file; path = "Food ServiceResumeAnswer.mp4"; sourceTree = "<group>"; };
		2C4B7DAB1C38ACA100359FD4 /* Food ServiceResumeQuestion.mp4 */ = {isa = PBXFileReference; lastKnownFileType = file; path = "Food ServiceResumeQuestion.mp4"; sourceTree = "<group>"; };
		2C4B7DAC1C38ACA100359FD4 /* GeneralAbout MeAnswer.mp4 */ = {isa = PBXFileReference; lastKnownFileType = file; path = "GeneralAbout MeAnswer.mp4"; sourceTree = "<group>"; };
		2C4B7DAD1C38ACA100359FD4 /* GeneralAbout MeQuestion.mp4 */ = {isa = PBXFileReference; lastKnownFileType = file; path = "GeneralAbout MeQuestion.mp4"; sourceTree = "<group>"; };
		2C4B7DAE1C38ACA100359FD4 /* GeneralGreetingAnswer.mp4 */ = {isa = PBXFileReference; lastKnownFileType = file; path = GeneralGreetingAnswer.mp4; sourceTree = "<group>"; };
		2C4B7DAF1C38ACA100359FD4 /* GeneralGreetingQuestion.mp4 */ = {isa = PBXFileReference; lastKnownFileType = file; path = GeneralGreetingQuestion.mp4; sourceTree = "<group>"; };
		2C4B7DB01C38ACA100359FD4 /* GeneralResumeAnswer.mp4 */ = {isa = PBXFileReference; lastKnownFileType = file; path = GeneralResumeAnswer.mp4; sourceTree = "<group>"; };
		2C4B7DB11C38ACA100359FD4 /* GeneralResumeQuestion.mp4 */ = {isa = PBXFileReference; lastKnownFileType = file; path = GeneralResumeQuestion.mp4; sourceTree = "<group>"; };
		2C4B7DB21C38ACA100359FD4 /* HealthcareAny QuestionsAnswer.mp4 */ = {isa = PBXFileReference; lastKnownFileType = file; path = "HealthcareAny QuestionsAnswer.mp4"; sourceTree = "<group>"; };
		2C4B7DB31C38ACA100359FD4 /* HealthcareAny QuestionsQuestion.mp4 */ = {isa = PBXFileReference; lastKnownFileType = file; path = "HealthcareAny QuestionsQuestion.mp4"; sourceTree = "<group>"; };
		2C4B7DB41C38ACA100359FD4 /* HealthcareExperienceAnswer.mp4 */ = {isa = PBXFileReference; lastKnownFileType = file; path = HealthcareExperienceAnswer.mp4; sourceTree = "<group>"; };
		2C4B7DB51C38ACA100359FD4 /* HealthcareExperienceQuestion.mp4 */ = {isa = PBXFileReference; lastKnownFileType = file; path = HealthcareExperienceQuestion.mp4; sourceTree = "<group>"; };
		2C4B7DB61C38ACA100359FD4 /* HealthcareFarewellAnswer.mp4 */ = {isa = PBXFileReference; lastKnownFileType = file; path = HealthcareFarewellAnswer.mp4; sourceTree = "<group>"; };
		2C4B7DB71C38ACA100359FD4 /* HealthcareFarewellQuestion.mp4 */ = {isa = PBXFileReference; lastKnownFileType = file; path = HealthcareFarewellQuestion.mp4; sourceTree = "<group>"; };
		2C4B7DB81C38ACA100359FD4 /* HealthcareGreetingAnswer.mp4 */ = {isa = PBXFileReference; lastKnownFileType = file; path = HealthcareGreetingAnswer.mp4; sourceTree = "<group>"; };
		2C4B7DB91C38ACA100359FD4 /* HealthcareGreetingQuestion.mp4 */ = {isa = PBXFileReference; lastKnownFileType = file; path = HealthcareGreetingQuestion.mp4; sourceTree = "<group>"; };
		2C4B7DBA1C38ACA100359FD4 /* HealthcarePrevious PositionAnswer.mp4 */ = {isa = PBXFileReference; lastKnownFileType = file; path = "HealthcarePrevious PositionAnswer.mp4"; sourceTree = "<group>"; };
		2C4B7DBB1C38ACA100359FD4 /* HealthcarePrevious PositionQuestion.mp4 */ = {isa = PBXFileReference; lastKnownFileType = file; path = "HealthcarePrevious PositionQuestion.mp4"; sourceTree = "<group>"; };
		2C4B7DBC1C38ACA100359FD4 /* HealthcareResumeAnswer.mp4 */ = {isa = PBXFileReference; lastKnownFileType = file; path = HealthcareResumeAnswer.mp4; sourceTree = "<group>"; };
		2C4B7DBD1C38ACA100359FD4 /* HealthcareResumeQuestion.mp4 */ = {isa = PBXFileReference; lastKnownFileType = file; path = HealthcareResumeQuestion.mp4; sourceTree = "<group>"; };
		2C4B7DBE1C38ACA100359FD4 /* HealthcareWhy Should We Hire YouAnswer.mp4 */ = {isa = PBXFileReference; lastKnownFileType = file; path = "HealthcareWhy Should We Hire YouAnswer.mp4"; sourceTree = "<group>"; };
		2C4B7DBF1C38ACA100359FD4 /* HealthcareWhy Should We Hire YouQuestion.mp4 */ = {isa = PBXFileReference; lastKnownFileType = file; path = "HealthcareWhy Should We Hire YouQuestion.mp4"; sourceTree = "<group>"; };
		2C4B7DC01C38ACA100359FD4 /* HospitalityAbout MeAnswer.mp4 */ = {isa = PBXFileReference; lastKnownFileType = file; path = "HospitalityAbout MeAnswer.mp4"; sourceTree = "<group>"; };
		2C4B7DC11C38ACA100359FD4 /* HospitalityAbout MeQuestion.mp4 */ = {isa = PBXFileReference; lastKnownFileType = file; path = "HospitalityAbout MeQuestion.mp4"; sourceTree = "<group>"; };
		2C4B7DC21C38ACA100359FD4 /* HospitalityCustomer ServiceAnswer.mp4 */ = {isa = PBXFileReference; lastKnownFileType = file; path = "HospitalityCustomer ServiceAnswer.mp4"; sourceTree = "<group>"; };
		2C4B7DC31C38ACA100359FD4 /* HospitalityCustomer ServiceQuestion.mp4 */ = {isa = PBXFileReference; lastKnownFileType = file; path = "HospitalityCustomer ServiceQuestion.mp4"; sourceTree = "<group>"; };
		2C4B7DC41C38ACA100359FD4 /* HospitalityGreetingAnswer.mp4 */ = {isa = PBXFileReference; lastKnownFileType = file; path = HospitalityGreetingAnswer.mp4; sourceTree = "<group>"; };
		2C4B7DC51C38ACA100359FD4 /* HospitalityGreetingQuestion.mp4 */ = {isa = PBXFileReference; lastKnownFileType = file; path = HospitalityGreetingQuestion.mp4; sourceTree = "<group>"; };
		2C4B7DC61C38ACA100359FD4 /* HospitalityResumeAnswer.mp4 */ = {isa = PBXFileReference; lastKnownFileType = file; path = HospitalityResumeAnswer.mp4; sourceTree = "<group>"; };
		2C4B7DC71C38ACA100359FD4 /* HospitalityResumeQuestion.mp4 */ = {isa = PBXFileReference; lastKnownFileType = file; path = HospitalityResumeQuestion.mp4; sourceTree = "<group>"; };
		2C4B7DC81C38ACA100359FD4 /* Retail With ExperienceAny QuestionsAnswer.mp4 */ = {isa = PBXFileReference; lastKnownFileType = file; path = "Retail With ExperienceAny QuestionsAnswer.mp4"; sourceTree = "<group>"; };
		2C4B7DC91C38ACA100359FD4 /* Retail With ExperienceAny QuestionsQuestion.mp4 */ = {isa = PBXFileReference; lastKnownFileType = file; path = "Retail With ExperienceAny QuestionsQuestion.mp4"; sourceTree = "<group>"; };
		2C4B7DCA1C38ACA100359FD4 /* Retail With ExperienceExperienceAnswer.mp4 */ = {isa = PBXFileReference; lastKnownFileType = file; path = "Retail With ExperienceExperienceAnswer.mp4"; sourceTree = "<group>"; };
		2C4B7DCB1C38ACA100359FD4 /* Retail With ExperienceExperienceQuestion.mp4 */ = {isa = PBXFileReference; lastKnownFileType = file; path = "Retail With ExperienceExperienceQuestion.mp4"; sourceTree = "<group>"; };
		2C4B7DCC1C38ACA100359FD4 /* Retail With ExperienceFarewellAnswer.mp4 */ = {isa = PBXFileReference; lastKnownFileType = file; path = "Retail With ExperienceFarewellAnswer.mp4"; sourceTree = "<group>"; };
		2C4B7DCD1C38ACA100359FD4 /* Retail With ExperienceFarewellQuestion.mp4 */ = {isa = PBXFileReference; lastKnownFileType = file; path = "Retail With ExperienceFarewellQuestion.mp4"; sourceTree = "<group>"; };
		2C4B7DCE1C38ACA100359FD4 /* Retail With ExperienceGreetingAnswer.mp4 */ = {isa = PBXFileReference; lastKnownFileType = file; path = "Retail With ExperienceGreetingAnswer.mp4"; sourceTree = "<group>"; };
		2C4B7DCF1C38ACA100359FD4 /* Retail With ExperienceGreetingQuestion.mp4 */ = {isa = PBXFileReference; lastKnownFileType = file; path = "Retail With ExperienceGreetingQuestion.mp4"; sourceTree = "<group>"; };
		2C4B7DD01C38ACA100359FD4 /* Retail With ExperienceResumeAnswer.mp4 */ = {isa = PBXFileReference; lastKnownFileType = file; path = "Retail With ExperienceResumeAnswer.mp4"; sourceTree = "<group>"; };
		2C4B7DD11C38ACA100359FD4 /* Retail With ExperienceResumeQuestion.mp4 */ = {isa = PBXFileReference; lastKnownFileType = file; path = "Retail With ExperienceResumeQuestion.mp4"; sourceTree = "<group>"; };
		2C4B7DD21C38ACA100359FD4 /* Retail With ExperienceWhat Did You EnjoyAnswer.mp4 */ = {isa = PBXFileReference; lastKnownFileType = file; path = "Retail With ExperienceWhat Did You EnjoyAnswer.mp4"; sourceTree = "<group>"; };
		2C4B7DD31C38ACA100359FD4 /* Retail With ExperienceWhat Did You EnjoyQuestion.mp4 */ = {isa = PBXFileReference; lastKnownFileType = file; path = "Retail With ExperienceWhat Did You EnjoyQuestion.mp4"; sourceTree = "<group>"; };
		2C4B7DD41C38ACA100359FD4 /* Retail With ExperienceWhy Should We Hire YouAnswer.mp4 */ = {isa = PBXFileReference; lastKnownFileType = file; path = "Retail With ExperienceWhy Should We Hire YouAnswer.mp4"; sourceTree = "<group>"; };
		2C4B7DD51C38ACA100359FD4 /* Retail With ExperienceWhy Should We Hire YouQuestion.mp4 */ = {isa = PBXFileReference; lastKnownFileType = file; path = "Retail With ExperienceWhy Should We Hire YouQuestion.mp4"; sourceTree = "<group>"; };
		2C4B7DD61C38ACA100359FD4 /* Retail Without ExperienceExperienceAnswer.mp4 */ = {isa = PBXFileReference; lastKnownFileType = file; path = "Retail Without ExperienceExperienceAnswer.mp4"; sourceTree = "<group>"; };
		2C4B7DD71C38ACA100359FD4 /* Retail Without ExperienceExperienceQuestion.mp4 */ = {isa = PBXFileReference; lastKnownFileType = file; path = "Retail Without ExperienceExperienceQuestion.mp4"; sourceTree = "<group>"; };
		2C4B7DD81C38ACA100359FD4 /* Retail Without ExperienceGreetingAnswer.mp4 */ = {isa = PBXFileReference; lastKnownFileType = file; path = "Retail Without ExperienceGreetingAnswer.mp4"; sourceTree = "<group>"; };
		2C4B7DD91C38ACA100359FD4 /* Retail Without ExperienceGreetingQuestion.mp4 */ = {isa = PBXFileReference; lastKnownFileType = file; path = "Retail Without ExperienceGreetingQuestion.mp4"; sourceTree = "<group>"; };
		2C4B7DDA1C38ACA100359FD4 /* Retail Without ExperienceResumeAnswer.mp4 */ = {isa = PBXFileReference; lastKnownFileType = file; path = "Retail Without ExperienceResumeAnswer.mp4"; sourceTree = "<group>"; };
		2C4B7DDB1C38ACA100359FD4 /* Retail Without ExperienceResumeQuestion.mp4 */ = {isa = PBXFileReference; lastKnownFileType = file; path = "Retail Without ExperienceResumeQuestion.mp4"; sourceTree = "<group>"; };
		2C4B7DDC1C38ACA100359FD4 /* HealthcareDress CodeAnswer.mp4 */ = {isa = PBXFileReference; lastKnownFileType = file; path = "HealthcareDress CodeAnswer.mp4"; sourceTree = "<group>"; };
		2C4B7DDD1C38ACA100359FD4 /* HealthcareDress CodeQuestion.mp4 */ = {isa = PBXFileReference; lastKnownFileType = file; path = "HealthcareDress CodeQuestion.mp4"; sourceTree = "<group>"; };
		2C4B7DDE1C38ACA100359FD4 /* HealthcareNights and WeekendsAnswer.mp4 */ = {isa = PBXFileReference; lastKnownFileType = file; path = "HealthcareNights and WeekendsAnswer.mp4"; sourceTree = "<group>"; };
		2C4B7DDF1C38ACA100359FD4 /* HealthcareNights and WeekendsQuestion.mp4 */ = {isa = PBXFileReference; lastKnownFileType = file; path = "HealthcareNights and WeekendsQuestion.mp4"; sourceTree = "<group>"; };
		2C4B7DE01C38ACA100359FD4 /* HealthcareSchool ValuesAnswer.mp4 */ = {isa = PBXFileReference; lastKnownFileType = file; path = "HealthcareSchool ValuesAnswer.mp4"; sourceTree = "<group>"; };
		2C4B7DE11C38ACA100359FD4 /* HealthcareSchool ValuesQuestion.mp4 */ = {isa = PBXFileReference; lastKnownFileType = file; path = "HealthcareSchool ValuesQuestion.mp4"; sourceTree = "<group>"; };
		2C4B7DE21C38ACA100359FD4 /* Retail With ExperienceSchool ValuesAnswer.mp4 */ = {isa = PBXFileReference; lastKnownFileType = file; path = "Retail With ExperienceSchool ValuesAnswer.mp4"; sourceTree = "<group>"; };
		2C4B7DE31C38ACA100359FD4 /* Retail With ExperienceSchool ValuesQuestion.mp4 */ = {isa = PBXFileReference; lastKnownFileType = file; path = "Retail With ExperienceSchool ValuesQuestion.mp4"; sourceTree = "<group>"; };
		2C4B7DE41C38ACA100359FD4 /* Retail With ExperienceTell Me a TimeAnswer.mp4 */ = {isa = PBXFileReference; lastKnownFileType = file; path = "Retail With ExperienceTell Me a TimeAnswer.mp4"; sourceTree = "<group>"; };
		2C4B7DE51C38ACA100359FD4 /* Retail With ExperienceTell Me a TimeQuesiton.mp4 */ = {isa = PBXFileReference; lastKnownFileType = file; path = "Retail With ExperienceTell Me a TimeQuesiton.mp4"; sourceTree = "<group>"; };
		2C4B7DE61C38ACA100359FD4 /* Retail Without ExperienceFarewellAnswer.mp4 */ = {isa = PBXFileReference; lastKnownFileType = file; path = "Retail Without ExperienceFarewellAnswer.mp4"; sourceTree = "<group>"; };
		2C4B7DE71C38ACA100359FD4 /* Retail Without ExperienceFarewellQuestion.mp4 */ = {isa = PBXFileReference; lastKnownFileType = file; path = "Retail Without ExperienceFarewellQuestion.mp4"; sourceTree = "<group>"; };
		2C4FB6BC1C35B2E500643273 /* PromptSettings.plist */ = {isa = PBXFileReference; fileEncoding = 4; lastKnownFileType = text.plist.xml; path = PromptSettings.plist; sourceTree = "<group>"; };
		2CAF7C091C2C780200FC81E9 /* VidCoach2.app */ = {isa = PBXFileReference; explicitFileType = wrapper.application; includeInIndex = 0; path = VidCoach2.app; sourceTree = BUILT_PRODUCTS_DIR; };
		2CAF7C0C1C2C780200FC81E9 /* AppDelegate.swift */ = {isa = PBXFileReference; lastKnownFileType = sourcecode.swift; path = AppDelegate.swift; sourceTree = "<group>"; };
		2CAF7C0E1C2C780200FC81E9 /* VideoViewController.swift */ = {isa = PBXFileReference; lastKnownFileType = sourcecode.swift; path = VideoViewController.swift; sourceTree = "<group>"; };
		2CAF7C111C2C780200FC81E9 /* Base */ = {isa = PBXFileReference; lastKnownFileType = file.storyboard; name = Base; path = Base.lproj/Main.storyboard; sourceTree = "<group>"; };
		2CAF7C131C2C780200FC81E9 /* Assets.xcassets */ = {isa = PBXFileReference; lastKnownFileType = folder.assetcatalog; path = Assets.xcassets; sourceTree = "<group>"; };
		2CAF7C161C2C780200FC81E9 /* Base */ = {isa = PBXFileReference; lastKnownFileType = file.storyboard; name = Base; path = Base.lproj/LaunchScreen.storyboard; sourceTree = "<group>"; };
		2CAF7C181C2C780200FC81E9 /* Info.plist */ = {isa = PBXFileReference; lastKnownFileType = text.plist.xml; path = Info.plist; sourceTree = "<group>"; };
		2CAF7C1D1C2C780200FC81E9 /* VidCoach2Tests.xctest */ = {isa = PBXFileReference; explicitFileType = wrapper.cfbundle; includeInIndex = 0; path = VidCoach2Tests.xctest; sourceTree = BUILT_PRODUCTS_DIR; };
		2CAF7C211C2C780200FC81E9 /* VidCoach2Tests.swift */ = {isa = PBXFileReference; lastKnownFileType = sourcecode.swift; path = VidCoach2Tests.swift; sourceTree = "<group>"; };
		2CAF7C231C2C780200FC81E9 /* Info.plist */ = {isa = PBXFileReference; lastKnownFileType = text.plist.xml; path = Info.plist; sourceTree = "<group>"; };
		2CAF7C2C1C2CA72F00FC81E9 /* interviewQuestion.swift */ = {isa = PBXFileReference; fileEncoding = 4; lastKnownFileType = sourcecode.swift; path = interviewQuestion.swift; sourceTree = "<group>"; };
		2CAF7C2F1C2CD14500FC81E9 /* Video.swift */ = {isa = PBXFileReference; fileEncoding = 4; lastKnownFileType = sourcecode.swift; path = Video.swift; sourceTree = "<group>"; };
		2CAF7C371C2D0B2A00FC81E9 /* InterviewTableViewController.swift */ = {isa = PBXFileReference; fileEncoding = 4; lastKnownFileType = sourcecode.swift; path = InterviewTableViewController.swift; sourceTree = "<group>"; };
		2CAF7C391C2D0F5100FC81E9 /* interviews.plist */ = {isa = PBXFileReference; fileEncoding = 4; lastKnownFileType = text.plist.xml; path = interviews.plist; sourceTree = "<group>"; };
		2CAF7C3B1C318EFC00FC81E9 /* QuestionTableViewController.swift */ = {isa = PBXFileReference; fileEncoding = 4; lastKnownFileType = sourcecode.swift; path = QuestionTableViewController.swift; sourceTree = "<group>"; };
		2CAF7C3D1C31A78100FC81E9 /* InterviewTableViewCell.swift */ = {isa = PBXFileReference; fileEncoding = 4; lastKnownFileType = sourcecode.swift; path = InterviewTableViewCell.swift; sourceTree = "<group>"; };
		2CAF7C3F1C31B89600FC81E9 /* InterviewCellInfo.swift */ = {isa = PBXFileReference; fileEncoding = 4; lastKnownFileType = sourcecode.swift; path = InterviewCellInfo.swift; sourceTree = "<group>"; };
/* End PBXFileReference section */

/* Begin PBXFrameworksBuildPhase section */
		2CAF7C061C2C780200FC81E9 /* Frameworks */ = {
			isa = PBXFrameworksBuildPhase;
			buildActionMask = 2147483647;
			files = (
			);
			runOnlyForDeploymentPostprocessing = 0;
		};
		2CAF7C1A1C2C780200FC81E9 /* Frameworks */ = {
			isa = PBXFrameworksBuildPhase;
			buildActionMask = 2147483647;
			files = (
			);
			runOnlyForDeploymentPostprocessing = 0;
		};
/* End PBXFrameworksBuildPhase section */

/* Begin PBXGroup section */
		2C367ADB1C333650007D67DB /* Resources */ = {
			isa = PBXGroup;
			children = (
				2C757EF21C38AB6800DC9928 /* Videos */,
				2CAF7C391C2D0F5100FC81E9 /* interviews.plist */,
				2C367AE01C343A91007D67DB /* PrePrompts.plist */,
				2C367AE21C344ECE007D67DB /* PostPrompts.plist */,
				2C4FB6BC1C35B2E500643273 /* PromptSettings.plist */,
			);
			name = Resources;
			sourceTree = "<group>";
		};
		2C757EF21C38AB6800DC9928 /* Videos */ = {
			isa = PBXGroup;
			children = (
				2C4B7D681C38ACA100359FD4 /* Food ServiceAny QuestionsQuestion.mp4 */,
				2C4B7D691C38ACA100359FD4 /* Food ServiceFarewellAnswer.mp4 */,
				2C4B7D6A1C38ACA100359FD4 /* Food ServiceFarewellQuestion.mp4 */,
				2C4B7D6B1C38ACA100359FD4 /* HealthcareHelping While On BreakAnswer.mp4 */,
				2C4B7D6C1C38ACA100359FD4 /* HealthcareHelping While On BreakQuestion.mp4 */,
				2C4B7D6D1C38ACA100359FD4 /* HealthcareTell Me a TimeAnswer.mp4 */,
				2C4B7D6E1C38ACA100359FD4 /* HealthcareTell Me a TimeQuestion.mp4 */,
				2C4B7D6F1C38ACA100359FD4 /* HospitalityAny QuestionsQuestion.mp4 */,
				2C4B7D701C38ACA100359FD4 /* HospitalityFarewellAnswer.mp4 */,
				2C4B7D711C38ACA100359FD4 /* HospitalityFarewellQuestion.mp4 */,
				2C4B7D721C38ACA100359FD4 /* Retail With ExperienceCustomer ServiceAnswer.mp4 */,
				2C4B7D731C38ACA100359FD4 /* Retail With ExperienceCustomer ServiceQuestion.mp4 */,
				2C4B7D741C38ACA100359FD4 /* Retail With ExperienceUpsellingAnswer.mp4 */,
				2C4B7D751C38ACA100359FD4 /* Retail With ExperienceUpsellingQuestion.mp4 */,
				2C4B7D761C38ACA100359FD4 /* Retail Without ExperienceAny QuestionsAnswer.mp4 */,
				2C4B7D771C38ACA100359FD4 /* Retail Without ExperienceAny QuestionsQuestion.mp4 */,
				2C4B7D781C38ACA100359FD4 /* Retail Without ExperienceWhy Should We Hire YouAnswer.mp4 */,
				2C4B7D791C38ACA100359FD4 /* Retail Without ExperienceWhy Should We Hire YouQuestion.mp4 */,
				2C4B7D7A1C38ACA100359FD4 /* Food ServiceAny QuestionsAnswer.mp4 */,
				2C4B7D7B1C38ACA100359FD4 /* Food ServiceAre You A Team PlayerAnswer.mp4 */,
				2C4B7D7C1C38ACA100359FD4 /* Food ServiceAre You A Team PlayerQuestion.mp4 */,
				2C4B7D7D1C38ACA100359FD4 /* Food ServiceTell Me a TimeAnswer.mp4 */,
				2C4B7D7E1C38ACA100359FD4 /* Food ServiceTell Me a TimeQuestion.mp4 */,
				2C4B7D7F1C38ACA100359FD4 /* Food ServiceWhy Should We Hire YouAnswer.mp4 */,
				2C4B7D801C38ACA100359FD4 /* Food ServiceWhy Should We Hire YouQuestion.mp4 */,
				2C4B7D811C38ACA100359FD4 /* GeneralQuestionsAnswer.mp4 */,
				2C4B7D821C38ACA100359FD4 /* GeneralQuestionsQuestion.mp4 */,
				2C4B7D831C38ACA100359FD4 /* GeneralStrengthsAnswer.mp4 */,
				2C4B7D841C38ACA100359FD4 /* GeneralStrengthsQuestion.mp4 */,
				2C4B7D851C38ACA100359FD4 /* GeneralWhy Should We Hire YouAnswer.mp4 */,
				2C4B7D861C38ACA100359FD4 /* GeneralWhy Should We Hire YouQuestion.mp4 */,
				2C4B7D871C38ACA100359FD4 /* GeneralFarewellAnswer.mp4 */,
				2C4B7D881C38ACA100359FD4 /* GeneralFarewellQuestion.mp4 */,
				2C4B7D891C38ACA100359FD4 /* HealthcareCoworkersAnswer.mp4 */,
				2C4B7D8A1C38ACA100359FD4 /* HealthcareCoworkersQuestion.mp4 */,
				2C4B7D8B1C38ACA100359FD4 /* HealthcareLeaving Previous PositionAnswer.mp4 */,
				2C4B7D8C1C38ACA100359FD4 /* HealthcareLeaving Previous PositionQuesiton.mp4 */,
				2C4B7D8D1C38ACA100359FD4 /* HealthcareWhy HealthcareAnswer.mp4 */,
				2C4B7D8E1C38ACA100359FD4 /* HealthcareWhy HealthcareQuestion.mp4 */,
				2C4B7D8F1C38ACA100359FD4 /* HospitalityAny QuestionsAnswer.mp4 */,
				2C4B7D901C38ACA100359FD4 /* HospitalityPositive ChangeAnswer.mp4 */,
				2C4B7D911C38ACA100359FD4 /* HospitalityPositive ChangeQuestion.mp4 */,
				2C4B7D921C38ACA100359FD4 /* HospitalityUnhappy CustomerAnswer.mp4 */,
				2C4B7D931C38ACA100359FD4 /* HospitalityUnhappy CustomerQuestion.mp4 */,
				2C4B7D941C38ACA100359FD4 /* HospitalityWhy Should We Hire YouAnswer.mp4 */,
				2C4B7D951C38ACA100359FD4 /* HospitalityWhy Should We Hire YouQuestion.mp4 */,
				2C4B7D961C38ACA100359FD4 /* Retail With ExperienceCoworkersAnswer.mp4 */,
				2C4B7D971C38ACA100359FD4 /* Retail With ExperienceCoworkersQuestion.mp4 */,
				2C4B7D981C38ACA100359FD4 /* Retail With ExperienceLeaving Previous PositionAnswer.mp4 */,
				2C4B7D991C38ACA100359FD4 /* Retail With ExperienceLeaving Previous PositionQuestion.mp4 */,
				2C4B7D9A1C38ACA100359FD4 /* Retail With ExperienceWhat Do You Like About RetailAnswer.mp4 */,
				2C4B7D9B1C38ACA100359FD4 /* Retail With ExperienceWhat Do You Like About RetailQuestion.mp4 */,
				2C4B7D9C1C38ACA100359FD4 /* Retail Without ExperienceCustomer ServiceAnswer.mp4 */,
				2C4B7D9D1C38ACA100359FD4 /* Retail Without ExperienceCustomer ServiceQuestion.mp4 */,
				2C4B7D9E1C38ACA100359FD4 /* Retail Without ExperienceSchool ValuesAnswer.mp4 */,
				2C4B7D9F1C38ACA100359FD4 /* Retail Without ExperienceSchool ValuesQuestion.mp4 */,
				2C4B7DA01C38ACA100359FD4 /* Retail Without ExperienceUpsellingAnswer.mp4 */,
				2C4B7DA11C38ACA100359FD4 /* Retail Without ExperienceUpsellingQuestion.mp4 */,
				2C4B7DA21C38ACA100359FD4 /* Retail Without ExperienceWhy RetailAnswer.mp4 */,
				2C4B7DA31C38ACA100359FD4 /* Retail Without ExperienceWhy RetailQuestion.mp4 */,
				2C4B7DA41C38ACA100359FD4 /* Food ServiceAbout MeAnswer.mp4 */,
				2C4B7DA51C38ACA100359FD4 /* Food ServiceAbout MeQuestion.mp4 */,
				2C4B7DA61C38ACA100359FD4 /* Food ServiceExperienceAnswer.mp4 */,
				2C4B7DA71C38ACA100359FD4 /* Food ServiceExperienceQuestion.mp4 */,
				2C4B7DA81C38ACA100359FD4 /* Food ServiceGreetingAnswer.mp4 */,
				2C4B7DA91C38ACA100359FD4 /* Food ServiceGreetingQuestion.mp4 */,
				2C4B7DAA1C38ACA100359FD4 /* Food ServiceResumeAnswer.mp4 */,
				2C4B7DAB1C38ACA100359FD4 /* Food ServiceResumeQuestion.mp4 */,
				2C4B7DAC1C38ACA100359FD4 /* GeneralAbout MeAnswer.mp4 */,
				2C4B7DAD1C38ACA100359FD4 /* GeneralAbout MeQuestion.mp4 */,
				2C4B7DAE1C38ACA100359FD4 /* GeneralGreetingAnswer.mp4 */,
				2C4B7DAF1C38ACA100359FD4 /* GeneralGreetingQuestion.mp4 */,
				2C4B7DB01C38ACA100359FD4 /* GeneralResumeAnswer.mp4 */,
				2C4B7DB11C38ACA100359FD4 /* GeneralResumeQuestion.mp4 */,
				2C4B7DB21C38ACA100359FD4 /* HealthcareAny QuestionsAnswer.mp4 */,
				2C4B7DB31C38ACA100359FD4 /* HealthcareAny QuestionsQuestion.mp4 */,
				2C4B7DB41C38ACA100359FD4 /* HealthcareExperienceAnswer.mp4 */,
				2C4B7DB51C38ACA100359FD4 /* HealthcareExperienceQuestion.mp4 */,
				2C4B7DB61C38ACA100359FD4 /* HealthcareFarewellAnswer.mp4 */,
				2C4B7DB71C38ACA100359FD4 /* HealthcareFarewellQuestion.mp4 */,
				2C4B7DB81C38ACA100359FD4 /* HealthcareGreetingAnswer.mp4 */,
				2C4B7DB91C38ACA100359FD4 /* HealthcareGreetingQuestion.mp4 */,
				2C4B7DBA1C38ACA100359FD4 /* HealthcarePrevious PositionAnswer.mp4 */,
				2C4B7DBB1C38ACA100359FD4 /* HealthcarePrevious PositionQuestion.mp4 */,
				2C4B7DBC1C38ACA100359FD4 /* HealthcareResumeAnswer.mp4 */,
				2C4B7DBD1C38ACA100359FD4 /* HealthcareResumeQuestion.mp4 */,
				2C4B7DBE1C38ACA100359FD4 /* HealthcareWhy Should We Hire YouAnswer.mp4 */,
				2C4B7DBF1C38ACA100359FD4 /* HealthcareWhy Should We Hire YouQuestion.mp4 */,
				2C4B7DC01C38ACA100359FD4 /* HospitalityAbout MeAnswer.mp4 */,
				2C4B7DC11C38ACA100359FD4 /* HospitalityAbout MeQuestion.mp4 */,
				2C4B7DC21C38ACA100359FD4 /* HospitalityCustomer ServiceAnswer.mp4 */,
				2C4B7DC31C38ACA100359FD4 /* HospitalityCustomer ServiceQuestion.mp4 */,
				2C4B7DC41C38ACA100359FD4 /* HospitalityGreetingAnswer.mp4 */,
				2C4B7DC51C38ACA100359FD4 /* HospitalityGreetingQuestion.mp4 */,
				2C4B7DC61C38ACA100359FD4 /* HospitalityResumeAnswer.mp4 */,
				2C4B7DC71C38ACA100359FD4 /* HospitalityResumeQuestion.mp4 */,
				2C4B7DC81C38ACA100359FD4 /* Retail With ExperienceAny QuestionsAnswer.mp4 */,
				2C4B7DC91C38ACA100359FD4 /* Retail With ExperienceAny QuestionsQuestion.mp4 */,
				2C4B7DCA1C38ACA100359FD4 /* Retail With ExperienceExperienceAnswer.mp4 */,
				2C4B7DCB1C38ACA100359FD4 /* Retail With ExperienceExperienceQuestion.mp4 */,
				2C4B7DCC1C38ACA100359FD4 /* Retail With ExperienceFarewellAnswer.mp4 */,
				2C4B7DCD1C38ACA100359FD4 /* Retail With ExperienceFarewellQuestion.mp4 */,
				2C4B7DCE1C38ACA100359FD4 /* Retail With ExperienceGreetingAnswer.mp4 */,
				2C4B7DCF1C38ACA100359FD4 /* Retail With ExperienceGreetingQuestion.mp4 */,
				2C4B7DD01C38ACA100359FD4 /* Retail With ExperienceResumeAnswer.mp4 */,
				2C4B7DD11C38ACA100359FD4 /* Retail With ExperienceResumeQuestion.mp4 */,
				2C4B7DD21C38ACA100359FD4 /* Retail With ExperienceWhat Did You EnjoyAnswer.mp4 */,
				2C4B7DD31C38ACA100359FD4 /* Retail With ExperienceWhat Did You EnjoyQuestion.mp4 */,
				2C4B7DD41C38ACA100359FD4 /* Retail With ExperienceWhy Should We Hire YouAnswer.mp4 */,
				2C4B7DD51C38ACA100359FD4 /* Retail With ExperienceWhy Should We Hire YouQuestion.mp4 */,
				2C4B7DD61C38ACA100359FD4 /* Retail Without ExperienceExperienceAnswer.mp4 */,
				2C4B7DD71C38ACA100359FD4 /* Retail Without ExperienceExperienceQuestion.mp4 */,
				2C4B7DD81C38ACA100359FD4 /* Retail Without ExperienceGreetingAnswer.mp4 */,
				2C4B7DD91C38ACA100359FD4 /* Retail Without ExperienceGreetingQuestion.mp4 */,
				2C4B7DDA1C38ACA100359FD4 /* Retail Without ExperienceResumeAnswer.mp4 */,
				2C4B7DDB1C38ACA100359FD4 /* Retail Without ExperienceResumeQuestion.mp4 */,
				2C4B7DDC1C38ACA100359FD4 /* HealthcareDress CodeAnswer.mp4 */,
				2C4B7DDD1C38ACA100359FD4 /* HealthcareDress CodeQuestion.mp4 */,
				2C4B7DDE1C38ACA100359FD4 /* HealthcareNights and WeekendsAnswer.mp4 */,
				2C4B7DDF1C38ACA100359FD4 /* HealthcareNights and WeekendsQuestion.mp4 */,
				2C4B7DE01C38ACA100359FD4 /* HealthcareSchool ValuesAnswer.mp4 */,
				2C4B7DE11C38ACA100359FD4 /* HealthcareSchool ValuesQuestion.mp4 */,
				2C4B7DE21C38ACA100359FD4 /* Retail With ExperienceSchool ValuesAnswer.mp4 */,
				2C4B7DE31C38ACA100359FD4 /* Retail With ExperienceSchool ValuesQuestion.mp4 */,
				2C4B7DE41C38ACA100359FD4 /* Retail With ExperienceTell Me a TimeAnswer.mp4 */,
				2C4B7DE51C38ACA100359FD4 /* Retail With ExperienceTell Me a TimeQuesiton.mp4 */,
				2C4B7DE61C38ACA100359FD4 /* Retail Without ExperienceFarewellAnswer.mp4 */,
				2C4B7DE71C38ACA100359FD4 /* Retail Without ExperienceFarewellQuestion.mp4 */,
			);
			name = Videos;
			sourceTree = "<group>";
		};
		2CAF7C001C2C780200FC81E9 = {
			isa = PBXGroup;
			children = (
				2CAF7C0B1C2C780200FC81E9 /* VidCoach2 */,
				2CAF7C201C2C780200FC81E9 /* VidCoach2Tests */,
				2CAF7C0A1C2C780200FC81E9 /* Products */,
			);
			sourceTree = "<group>";
		};
		2CAF7C0A1C2C780200FC81E9 /* Products */ = {
			isa = PBXGroup;
			children = (
				2CAF7C091C2C780200FC81E9 /* VidCoach2.app */,
				2CAF7C1D1C2C780200FC81E9 /* VidCoach2Tests.xctest */,
			);
			name = Products;
			sourceTree = "<group>";
		};
		2CAF7C0B1C2C780200FC81E9 /* VidCoach2 */ = {
			isa = PBXGroup;
			children = (
				2CAF7C0C1C2C780200FC81E9 /* AppDelegate.swift */,
				2CAF7C3F1C31B89600FC81E9 /* InterviewCellInfo.swift */,
				2CAF7C101C2C780200FC81E9 /* Main.storyboard */,
				2CAF7C371C2D0B2A00FC81E9 /* InterviewTableViewController.swift */,
				2CAF7C3D1C31A78100FC81E9 /* InterviewTableViewCell.swift */,
				2CAF7C3B1C318EFC00FC81E9 /* QuestionTableViewController.swift */,
				2C367ADC1C3346ED007D67DB /* QuestionTableViewCell.swift */,
				2CAF7C0E1C2C780200FC81E9 /* VideoViewController.swift */,
				2CAF7C2F1C2CD14500FC81E9 /* Video.swift */,
				2C367ADE1C343660007D67DB /* PostPrompt.swift */,
				2C367AE41C346AC5007D67DB /* SimpleAlert.swift */,
				2C367AE61C346AF1007D67DB /* SimpleAlert.xib */,
				2C367B391C3497A0007D67DB /* AVSegmentPlayerViewController.swift */,
				2C367ADB1C333650007D67DB /* Resources */,
				2CAF7C2C1C2CA72F00FC81E9 /* interviewQuestion.swift */,
				2CAF7C131C2C780200FC81E9 /* Assets.xcassets */,
				2CAF7C151C2C780200FC81E9 /* LaunchScreen.storyboard */,
				2CAF7C181C2C780200FC81E9 /* Info.plist */,
			);
			path = VidCoach2;
			sourceTree = "<group>";
		};
		2CAF7C201C2C780200FC81E9 /* VidCoach2Tests */ = {
			isa = PBXGroup;
			children = (
				2CAF7C211C2C780200FC81E9 /* VidCoach2Tests.swift */,
				2CAF7C231C2C780200FC81E9 /* Info.plist */,
			);
			path = VidCoach2Tests;
			sourceTree = "<group>";
		};
/* End PBXGroup section */

/* Begin PBXNativeTarget section */
		2CAF7C081C2C780200FC81E9 /* VidCoach2 */ = {
			isa = PBXNativeTarget;
			buildConfigurationList = 2CAF7C261C2C780200FC81E9 /* Build configuration list for PBXNativeTarget "VidCoach2" */;
			buildPhases = (
				2CAF7C051C2C780200FC81E9 /* Sources */,
				2CAF7C061C2C780200FC81E9 /* Frameworks */,
				2CAF7C071C2C780200FC81E9 /* Resources */,
			);
			buildRules = (
			);
			dependencies = (
			);
			name = VidCoach2;
			productName = VidCoach2;
			productReference = 2CAF7C091C2C780200FC81E9 /* VidCoach2.app */;
			productType = "com.apple.product-type.application";
		};
		2CAF7C1C1C2C780200FC81E9 /* VidCoach2Tests */ = {
			isa = PBXNativeTarget;
			buildConfigurationList = 2CAF7C291C2C780200FC81E9 /* Build configuration list for PBXNativeTarget "VidCoach2Tests" */;
			buildPhases = (
				2CAF7C191C2C780200FC81E9 /* Sources */,
				2CAF7C1A1C2C780200FC81E9 /* Frameworks */,
				2CAF7C1B1C2C780200FC81E9 /* Resources */,
			);
			buildRules = (
			);
			dependencies = (
				2CAF7C1F1C2C780200FC81E9 /* PBXTargetDependency */,
			);
			name = VidCoach2Tests;
			productName = VidCoach2Tests;
			productReference = 2CAF7C1D1C2C780200FC81E9 /* VidCoach2Tests.xctest */;
			productType = "com.apple.product-type.bundle.unit-test";
		};
/* End PBXNativeTarget section */

/* Begin PBXProject section */
		2CAF7C011C2C780200FC81E9 /* Project object */ = {
			isa = PBXProject;
			attributes = {
				LastSwiftUpdateCheck = 0720;
				LastUpgradeCheck = 0720;
				ORGANIZATIONNAME = "Erick Custodio";
				TargetAttributes = {
					2CAF7C081C2C780200FC81E9 = {
						CreatedOnToolsVersion = 7.2;
						DevelopmentTeam = KE5PZJ4KVG;
					};
					2CAF7C1C1C2C780200FC81E9 = {
						CreatedOnToolsVersion = 7.2;
						TestTargetID = 2CAF7C081C2C780200FC81E9;
					};
				};
			};
			buildConfigurationList = 2CAF7C041C2C780200FC81E9 /* Build configuration list for PBXProject "VidCoach2" */;
			compatibilityVersion = "Xcode 3.2";
			developmentRegion = English;
			hasScannedForEncodings = 0;
			knownRegions = (
				en,
				Base,
			);
			mainGroup = 2CAF7C001C2C780200FC81E9;
			productRefGroup = 2CAF7C0A1C2C780200FC81E9 /* Products */;
			projectDirPath = "";
			projectRoot = "";
			targets = (
				2CAF7C081C2C780200FC81E9 /* VidCoach2 */,
				2CAF7C1C1C2C780200FC81E9 /* VidCoach2Tests */,
			);
		};
/* End PBXProject section */

/* Begin PBXResourcesBuildPhase section */
		2CAF7C071C2C780200FC81E9 /* Resources */ = {
			isa = PBXResourcesBuildPhase;
			buildActionMask = 2147483647;
			files = (
				2C4B7E371C38ACA100359FD4 /* HealthcareFarewellQuestion.mp4 in Resources */,
				2C4B7DE91C38ACA100359FD4 /* Food ServiceFarewellAnswer.mp4 in Resources */,
				2C4B7E621C38ACA100359FD4 /* Retail With ExperienceSchool ValuesAnswer.mp4 in Resources */,
				2C4B7E631C38ACA100359FD4 /* Retail With ExperienceSchool ValuesQuestion.mp4 in Resources */,
				2C4B7E5A1C38ACA100359FD4 /* Retail Without ExperienceResumeAnswer.mp4 in Resources */,
				2C4B7DE81C38ACA100359FD4 /* Food ServiceAny QuestionsQuestion.mp4 in Resources */,
				2C4B7E271C38ACA100359FD4 /* Food ServiceExperienceQuestion.mp4 in Resources */,
				2C4B7E4B1C38ACA100359FD4 /* Retail With ExperienceExperienceQuestion.mp4 in Resources */,
				2C4B7E341C38ACA100359FD4 /* HealthcareExperienceAnswer.mp4 in Resources */,
				2C4B7E3B1C38ACA100359FD4 /* HealthcarePrevious PositionQuestion.mp4 in Resources */,
				2C4B7DF01C38ACA100359FD4 /* HospitalityFarewellAnswer.mp4 in Resources */,
				2C4B7DEA1C38ACA100359FD4 /* Food ServiceFarewellQuestion.mp4 in Resources */,
				2C4B7E661C38ACA100359FD4 /* Retail Without ExperienceFarewellAnswer.mp4 in Resources */,
				2C4B7E001C38ACA100359FD4 /* Food ServiceWhy Should We Hire YouQuestion.mp4 in Resources */,
				2C4B7DF21C38ACA100359FD4 /* Retail With ExperienceCustomer ServiceAnswer.mp4 in Resources */,
				2C4B7E0F1C38ACA100359FD4 /* HospitalityAny QuestionsAnswer.mp4 in Resources */,
				2C4B7E301C38ACA100359FD4 /* GeneralResumeAnswer.mp4 in Resources */,
				2C4B7DF31C38ACA100359FD4 /* Retail With ExperienceCustomer ServiceQuestion.mp4 in Resources */,
				2C4B7E611C38ACA100359FD4 /* HealthcareSchool ValuesQuestion.mp4 in Resources */,
				2C4B7DEC1C38ACA100359FD4 /* HealthcareHelping While On BreakQuestion.mp4 in Resources */,
				2C4B7DFA1C38ACA100359FD4 /* Food ServiceAny QuestionsAnswer.mp4 in Resources */,
				2C4B7E591C38ACA100359FD4 /* Retail Without ExperienceGreetingQuestion.mp4 in Resources */,
				2C4B7E451C38ACA100359FD4 /* HospitalityGreetingQuestion.mp4 in Resources */,
				2C4B7E3C1C38ACA100359FD4 /* HealthcareResumeAnswer.mp4 in Resources */,
				2C4B7DF41C38ACA100359FD4 /* Retail With ExperienceUpsellingAnswer.mp4 in Resources */,
				2C4B7E181C38ACA100359FD4 /* Retail With ExperienceLeaving Previous PositionAnswer.mp4 in Resources */,
				2C4B7DF61C38ACA100359FD4 /* Retail Without ExperienceAny QuestionsAnswer.mp4 in Resources */,
				2C4B7DF71C38ACA100359FD4 /* Retail Without ExperienceAny QuestionsQuestion.mp4 in Resources */,
				2C4B7E041C38ACA100359FD4 /* GeneralStrengthsQuestion.mp4 in Resources */,
				2C4B7DF81C38ACA100359FD4 /* Retail Without ExperienceWhy Should We Hire YouAnswer.mp4 in Resources */,
				2C4B7E3A1C38ACA100359FD4 /* HealthcarePrevious PositionAnswer.mp4 in Resources */,
				2C4B7E381C38ACA100359FD4 /* HealthcareGreetingAnswer.mp4 in Resources */,
				2C4B7E4C1C38ACA100359FD4 /* Retail With ExperienceFarewellAnswer.mp4 in Resources */,
				2C4B7E131C38ACA100359FD4 /* HospitalityUnhappy CustomerQuestion.mp4 in Resources */,
				2C4B7E051C38ACA100359FD4 /* GeneralWhy Should We Hire YouAnswer.mp4 in Resources */,
				2CAF7C171C2C780200FC81E9 /* LaunchScreen.storyboard in Resources */,
				2C4B7DFB1C38ACA100359FD4 /* Food ServiceAre You A Team PlayerAnswer.mp4 in Resources */,
				2C4B7E2F1C38ACA100359FD4 /* GeneralGreetingQuestion.mp4 in Resources */,
				2C4B7E161C38ACA100359FD4 /* Retail With ExperienceCoworkersAnswer.mp4 in Resources */,
				2C4B7E081C38ACA100359FD4 /* GeneralFarewellQuestion.mp4 in Resources */,
				2C4B7E651C38ACA100359FD4 /* Retail With ExperienceTell Me a TimeQuesiton.mp4 in Resources */,
				2C4B7E5B1C38ACA100359FD4 /* Retail Without ExperienceResumeQuestion.mp4 in Resources */,
				2C4B7E311C38ACA100359FD4 /* GeneralResumeQuestion.mp4 in Resources */,
				2C4B7E571C38ACA100359FD4 /* Retail Without ExperienceExperienceQuestion.mp4 in Resources */,
				2C4B7E2B1C38ACA100359FD4 /* Food ServiceResumeQuestion.mp4 in Resources */,
				2C4B7E601C38ACA100359FD4 /* HealthcareSchool ValuesAnswer.mp4 in Resources */,
				2C4B7E201C38ACA100359FD4 /* Retail Without ExperienceUpsellingAnswer.mp4 in Resources */,
				2C4B7E401C38ACA100359FD4 /* HospitalityAbout MeAnswer.mp4 in Resources */,
				2C4B7E241C38ACA100359FD4 /* Food ServiceAbout MeAnswer.mp4 in Resources */,
				2C4B7E211C38ACA100359FD4 /* Retail Without ExperienceUpsellingQuestion.mp4 in Resources */,
				2C4B7E491C38ACA100359FD4 /* Retail With ExperienceAny QuestionsQuestion.mp4 in Resources */,
				2C4B7E3E1C38ACA100359FD4 /* HealthcareWhy Should We Hire YouAnswer.mp4 in Resources */,
				2C4B7E151C38ACA100359FD4 /* HospitalityWhy Should We Hire YouQuestion.mp4 in Resources */,
				2C4B7E061C38ACA100359FD4 /* GeneralWhy Should We Hire YouQuestion.mp4 in Resources */,
				2C4B7E221C38ACA100359FD4 /* Retail Without ExperienceWhy RetailAnswer.mp4 in Resources */,
				2C4B7E521C38ACA100359FD4 /* Retail With ExperienceWhat Did You EnjoyAnswer.mp4 in Resources */,
				2C4B7DF11C38ACA100359FD4 /* HospitalityFarewellQuestion.mp4 in Resources */,
				2C367AE31C344ECE007D67DB /* PostPrompts.plist in Resources */,
				2C4B7E461C38ACA100359FD4 /* HospitalityResumeAnswer.mp4 in Resources */,
				2C4B7E2C1C38ACA100359FD4 /* GeneralAbout MeAnswer.mp4 in Resources */,
				2C4B7E141C38ACA100359FD4 /* HospitalityWhy Should We Hire YouAnswer.mp4 in Resources */,
				2C4B7E541C38ACA100359FD4 /* Retail With ExperienceWhy Should We Hire YouAnswer.mp4 in Resources */,
				2C4B7E531C38ACA100359FD4 /* Retail With ExperienceWhat Did You EnjoyQuestion.mp4 in Resources */,
				2C4B7E0E1C38ACA100359FD4 /* HealthcareWhy HealthcareQuestion.mp4 in Resources */,
				2C4B7E031C38ACA100359FD4 /* GeneralStrengthsAnswer.mp4 in Resources */,
				2C4B7E291C38ACA100359FD4 /* Food ServiceGreetingQuestion.mp4 in Resources */,
				2C4B7E481C38ACA100359FD4 /* Retail With ExperienceAny QuestionsAnswer.mp4 in Resources */,
				2C4B7E091C38ACA100359FD4 /* HealthcareCoworkersAnswer.mp4 in Resources */,
				2C4B7E1F1C38ACA100359FD4 /* Retail Without ExperienceSchool ValuesQuestion.mp4 in Resources */,
				2C4B7DFC1C38ACA100359FD4 /* Food ServiceAre You A Team PlayerQuestion.mp4 in Resources */,
				2C4B7E551C38ACA100359FD4 /* Retail With ExperienceWhy Should We Hire YouQuestion.mp4 in Resources */,
				2CAF7C141C2C780200FC81E9 /* Assets.xcassets in Resources */,
				2C4B7E0B1C38ACA100359FD4 /* HealthcareLeaving Previous PositionAnswer.mp4 in Resources */,
				2C4FB6BD1C35B2E500643273 /* PromptSettings.plist in Resources */,
				2C4B7E0D1C38ACA100359FD4 /* HealthcareWhy HealthcareAnswer.mp4 in Resources */,
				2C4B7E071C38ACA100359FD4 /* GeneralFarewellAnswer.mp4 in Resources */,
				2C4B7E5D1C38ACA100359FD4 /* HealthcareDress CodeQuestion.mp4 in Resources */,
				2C4B7E5F1C38ACA100359FD4 /* HealthcareNights and WeekendsQuestion.mp4 in Resources */,
				2C4B7DEF1C38ACA100359FD4 /* HospitalityAny QuestionsQuestion.mp4 in Resources */,
				2C367AE11C343A92007D67DB /* PrePrompts.plist in Resources */,
				2C4B7E2D1C38ACA100359FD4 /* GeneralAbout MeQuestion.mp4 in Resources */,
				2C4B7DEB1C38ACA100359FD4 /* HealthcareHelping While On BreakAnswer.mp4 in Resources */,
				2C4B7E561C38ACA100359FD4 /* Retail Without ExperienceExperienceAnswer.mp4 in Resources */,
				2C4B7E171C38ACA100359FD4 /* Retail With ExperienceCoworkersQuestion.mp4 in Resources */,
				2C4B7E3F1C38ACA100359FD4 /* HealthcareWhy Should We Hire YouQuestion.mp4 in Resources */,
				2C4B7E5E1C38ACA100359FD4 /* HealthcareNights and WeekendsAnswer.mp4 in Resources */,
				2C4B7E4A1C38ACA100359FD4 /* Retail With ExperienceExperienceAnswer.mp4 in Resources */,
				2C4B7E1D1C38ACA100359FD4 /* Retail Without ExperienceCustomer ServiceQuestion.mp4 in Resources */,
				2C4B7E5C1C38ACA100359FD4 /* HealthcareDress CodeAnswer.mp4 in Resources */,
				2C4B7E021C38ACA100359FD4 /* GeneralQuestionsQuestion.mp4 in Resources */,
				2C4B7E2A1C38ACA100359FD4 /* Food ServiceResumeAnswer.mp4 in Resources */,
				2C4B7E641C38ACA100359FD4 /* Retail With ExperienceTell Me a TimeAnswer.mp4 in Resources */,
				2C4B7E581C38ACA100359FD4 /* Retail Without ExperienceGreetingAnswer.mp4 in Resources */,
				2C4B7E391C38ACA100359FD4 /* HealthcareGreetingQuestion.mp4 in Resources */,
				2C4B7E3D1C38ACA100359FD4 /* HealthcareResumeQuestion.mp4 in Resources */,
				2C4B7E4D1C38ACA100359FD4 /* Retail With ExperienceFarewellQuestion.mp4 in Resources */,
				2C4B7E1C1C38ACA100359FD4 /* Retail Without ExperienceCustomer ServiceAnswer.mp4 in Resources */,
				2C4B7E251C38ACA100359FD4 /* Food ServiceAbout MeQuestion.mp4 in Resources */,
				2C4B7DF51C38ACA100359FD4 /* Retail With ExperienceUpsellingQuestion.mp4 in Resources */,
				2C4B7E321C38ACA100359FD4 /* HealthcareAny QuestionsAnswer.mp4 in Resources */,
				2C4B7E431C38ACA100359FD4 /* HospitalityCustomer ServiceQuestion.mp4 in Resources */,
				2CAF7C121C2C780200FC81E9 /* Main.storyboard in Resources */,
				2C367AE71C346AF1007D67DB /* SimpleAlert.xib in Resources */,
				2C4B7E331C38ACA100359FD4 /* HealthcareAny QuestionsQuestion.mp4 in Resources */,
				2C4B7E351C38ACA100359FD4 /* HealthcareExperienceQuestion.mp4 in Resources */,
				2C4B7E411C38ACA100359FD4 /* HospitalityAbout MeQuestion.mp4 in Resources */,
				2CAF7C3A1C2D0F5100FC81E9 /* interviews.plist in Resources */,
				2C4B7E121C38ACA100359FD4 /* HospitalityUnhappy CustomerAnswer.mp4 in Resources */,
				2C4B7E231C38ACA100359FD4 /* Retail Without ExperienceWhy RetailQuestion.mp4 in Resources */,
				2C4B7DF91C38ACA100359FD4 /* Retail Without ExperienceWhy Should We Hire YouQuestion.mp4 in Resources */,
				2C4B7E261C38ACA100359FD4 /* Food ServiceExperienceAnswer.mp4 in Resources */,
				2C4B7E1E1C38ACA100359FD4 /* Retail Without ExperienceSchool ValuesAnswer.mp4 in Resources */,
				2C4B7DFD1C38ACA100359FD4 /* Food ServiceTell Me a TimeAnswer.mp4 in Resources */,
				2C4B7E1A1C38ACA100359FD4 /* Retail With ExperienceWhat Do You Like About RetailAnswer.mp4 in Resources */,
				2C4B7E471C38ACA100359FD4 /* HospitalityResumeQuestion.mp4 in Resources */,
				2C4B7E671C38ACA100359FD4 /* Retail Without ExperienceFarewellQuestion.mp4 in Resources */,
				2C4B7E101C38ACA100359FD4 /* HospitalityPositive ChangeAnswer.mp4 in Resources */,
				2C4B7E441C38ACA100359FD4 /* HospitalityGreetingAnswer.mp4 in Resources */,
				2C4B7E0C1C38ACA100359FD4 /* HealthcareLeaving Previous PositionQuesiton.mp4 in Resources */,
				2C4B7E501C38ACA100359FD4 /* Retail With ExperienceResumeAnswer.mp4 in Resources */,
				2C4B7E361C38ACA100359FD4 /* HealthcareFarewellAnswer.mp4 in Resources */,
				2C4B7DFF1C38ACA100359FD4 /* Food ServiceWhy Should We Hire YouAnswer.mp4 in Resources */,
				2C4B7E281C38ACA100359FD4 /* Food ServiceGreetingAnswer.mp4 in Resources */,
				2C4B7E191C38ACA100359FD4 /* Retail With ExperienceLeaving Previous PositionQuestion.mp4 in Resources */,
				2C4B7E111C38ACA100359FD4 /* HospitalityPositive ChangeQuestion.mp4 in Resources */,
				2C4B7E421C38ACA100359FD4 /* HospitalityCustomer ServiceAnswer.mp4 in Resources */,
				2C4B7E0A1C38ACA100359FD4 /* HealthcareCoworkersQuestion.mp4 in Resources */,
				2C4B7E011C38ACA100359FD4 /* GeneralQuestionsAnswer.mp4 in Resources */,
				2C4B7E1B1C38ACA100359FD4 /* Retail With ExperienceWhat Do You Like About RetailQuestion.mp4 in Resources */,
				2C4B7DED1C38ACA100359FD4 /* HealthcareTell Me a TimeAnswer.mp4 in Resources */,
				2C4B7E4F1C38ACA100359FD4 /* Retail With ExperienceGreetingQuestion.mp4 in Resources */,
				2C4B7E2E1C38ACA100359FD4 /* GeneralGreetingAnswer.mp4 in Resources */,
				2C4B7DFE1C38ACA100359FD4 /* Food ServiceTell Me a TimeQuestion.mp4 in Resources */,
				2C4B7E4E1C38ACA100359FD4 /* Retail With ExperienceGreetingAnswer.mp4 in Resources */,
				2C4B7DEE1C38ACA100359FD4 /* HealthcareTell Me a TimeQuestion.mp4 in Resources */,
				2C4B7E511C38ACA100359FD4 /* Retail With ExperienceResumeQuestion.mp4 in Resources */,
			);
			runOnlyForDeploymentPostprocessing = 0;
		};
		2CAF7C1B1C2C780200FC81E9 /* Resources */ = {
			isa = PBXResourcesBuildPhase;
			buildActionMask = 2147483647;
			files = (
			);
			runOnlyForDeploymentPostprocessing = 0;
		};
/* End PBXResourcesBuildPhase section */

/* Begin PBXSourcesBuildPhase section */
		2CAF7C051C2C780200FC81E9 /* Sources */ = {
			isa = PBXSourcesBuildPhase;
			buildActionMask = 2147483647;
			files = (
				2C367B3A1C3497A0007D67DB /* AVSegmentPlayerViewController.swift in Sources */,
				2CAF7C381C2D0B2A00FC81E9 /* InterviewTableViewController.swift in Sources */,
				2CAF7C3C1C318EFC00FC81E9 /* QuestionTableViewController.swift in Sources */,
				2CAF7C0F1C2C780200FC81E9 /* VideoViewController.swift in Sources */,
				2CAF7C301C2CD14500FC81E9 /* Video.swift in Sources */,
				2CAF7C3E1C31A78100FC81E9 /* InterviewTableViewCell.swift in Sources */,
				2C367AE51C346AC5007D67DB /* SimpleAlert.swift in Sources */,
				2CAF7C0D1C2C780200FC81E9 /* AppDelegate.swift in Sources */,
				2C367ADD1C3346ED007D67DB /* QuestionTableViewCell.swift in Sources */,
				2CAF7C2D1C2CA73000FC81E9 /* interviewQuestion.swift in Sources */,
				2CAF7C401C31B89600FC81E9 /* InterviewCellInfo.swift in Sources */,
				2C367ADF1C343660007D67DB /* PostPrompt.swift in Sources */,
			);
			runOnlyForDeploymentPostprocessing = 0;
		};
		2CAF7C191C2C780200FC81E9 /* Sources */ = {
			isa = PBXSourcesBuildPhase;
			buildActionMask = 2147483647;
			files = (
				2CAF7C221C2C780200FC81E9 /* VidCoach2Tests.swift in Sources */,
				2CAF7C2E1C2CA73000FC81E9 /* interviewQuestion.swift in Sources */,
			);
			runOnlyForDeploymentPostprocessing = 0;
		};
/* End PBXSourcesBuildPhase section */

/* Begin PBXTargetDependency section */
		2CAF7C1F1C2C780200FC81E9 /* PBXTargetDependency */ = {
			isa = PBXTargetDependency;
			target = 2CAF7C081C2C780200FC81E9 /* VidCoach2 */;
			targetProxy = 2CAF7C1E1C2C780200FC81E9 /* PBXContainerItemProxy */;
		};
/* End PBXTargetDependency section */

/* Begin PBXVariantGroup section */
		2CAF7C101C2C780200FC81E9 /* Main.storyboard */ = {
			isa = PBXVariantGroup;
			children = (
				2CAF7C111C2C780200FC81E9 /* Base */,
			);
			name = Main.storyboard;
			sourceTree = "<group>";
		};
		2CAF7C151C2C780200FC81E9 /* LaunchScreen.storyboard */ = {
			isa = PBXVariantGroup;
			children = (
				2CAF7C161C2C780200FC81E9 /* Base */,
			);
			name = LaunchScreen.storyboard;
			sourceTree = "<group>";
		};
/* End PBXVariantGroup section */

/* Begin XCBuildConfiguration section */
		2CAF7C241C2C780200FC81E9 /* Debug */ = {
			isa = XCBuildConfiguration;
			buildSettings = {
				ALWAYS_SEARCH_USER_PATHS = NO;
				CLANG_CXX_LANGUAGE_STANDARD = "gnu++0x";
				CLANG_CXX_LIBRARY = "libc++";
				CLANG_ENABLE_MODULES = YES;
				CLANG_ENABLE_OBJC_ARC = YES;
				CLANG_WARN_BOOL_CONVERSION = YES;
				CLANG_WARN_CONSTANT_CONVERSION = YES;
				CLANG_WARN_DIRECT_OBJC_ISA_USAGE = YES_ERROR;
				CLANG_WARN_EMPTY_BODY = YES;
				CLANG_WARN_ENUM_CONVERSION = YES;
				CLANG_WARN_INT_CONVERSION = YES;
				CLANG_WARN_OBJC_ROOT_CLASS = YES_ERROR;
				CLANG_WARN_UNREACHABLE_CODE = YES;
				CLANG_WARN__DUPLICATE_METHOD_MATCH = YES;
				"CODE_SIGN_IDENTITY[sdk=iphoneos*]" = "iPhone Developer";
				COPY_PHASE_STRIP = NO;
				DEBUG_INFORMATION_FORMAT = dwarf;
				ENABLE_STRICT_OBJC_MSGSEND = YES;
				ENABLE_TESTABILITY = YES;
				GCC_C_LANGUAGE_STANDARD = gnu99;
				GCC_DYNAMIC_NO_PIC = NO;
				GCC_NO_COMMON_BLOCKS = YES;
				GCC_OPTIMIZATION_LEVEL = 0;
				GCC_PREPROCESSOR_DEFINITIONS = (
					"DEBUG=1",
					"$(inherited)",
				);
				GCC_WARN_64_TO_32_BIT_CONVERSION = YES;
				GCC_WARN_ABOUT_RETURN_TYPE = YES_ERROR;
				GCC_WARN_UNDECLARED_SELECTOR = YES;
				GCC_WARN_UNINITIALIZED_AUTOS = YES_AGGRESSIVE;
				GCC_WARN_UNUSED_FUNCTION = YES;
				GCC_WARN_UNUSED_VARIABLE = YES;
				IPHONEOS_DEPLOYMENT_TARGET = 9.2;
				MTL_ENABLE_DEBUG_INFO = YES;
				ONLY_ACTIVE_ARCH = YES;
				SDKROOT = iphoneos;
				SWIFT_OPTIMIZATION_LEVEL = "-Onone";
				TARGETED_DEVICE_FAMILY = "1,2";
			};
			name = Debug;
		};
		2CAF7C251C2C780200FC81E9 /* Release */ = {
			isa = XCBuildConfiguration;
			buildSettings = {
				ALWAYS_SEARCH_USER_PATHS = NO;
				CLANG_CXX_LANGUAGE_STANDARD = "gnu++0x";
				CLANG_CXX_LIBRARY = "libc++";
				CLANG_ENABLE_MODULES = YES;
				CLANG_ENABLE_OBJC_ARC = YES;
				CLANG_WARN_BOOL_CONVERSION = YES;
				CLANG_WARN_CONSTANT_CONVERSION = YES;
				CLANG_WARN_DIRECT_OBJC_ISA_USAGE = YES_ERROR;
				CLANG_WARN_EMPTY_BODY = YES;
				CLANG_WARN_ENUM_CONVERSION = YES;
				CLANG_WARN_INT_CONVERSION = YES;
				CLANG_WARN_OBJC_ROOT_CLASS = YES_ERROR;
				CLANG_WARN_UNREACHABLE_CODE = YES;
				CLANG_WARN__DUPLICATE_METHOD_MATCH = YES;
				"CODE_SIGN_IDENTITY[sdk=iphoneos*]" = "iPhone Developer";
				COPY_PHASE_STRIP = NO;
				DEBUG_INFORMATION_FORMAT = "dwarf-with-dsym";
				ENABLE_NS_ASSERTIONS = NO;
				ENABLE_STRICT_OBJC_MSGSEND = YES;
				GCC_C_LANGUAGE_STANDARD = gnu99;
				GCC_NO_COMMON_BLOCKS = YES;
				GCC_WARN_64_TO_32_BIT_CONVERSION = YES;
				GCC_WARN_ABOUT_RETURN_TYPE = YES_ERROR;
				GCC_WARN_UNDECLARED_SELECTOR = YES;
				GCC_WARN_UNINITIALIZED_AUTOS = YES_AGGRESSIVE;
				GCC_WARN_UNUSED_FUNCTION = YES;
				GCC_WARN_UNUSED_VARIABLE = YES;
				IPHONEOS_DEPLOYMENT_TARGET = 9.2;
				MTL_ENABLE_DEBUG_INFO = NO;
				SDKROOT = iphoneos;
				TARGETED_DEVICE_FAMILY = "1,2";
				VALIDATE_PRODUCT = YES;
			};
			name = Release;
		};
		2CAF7C271C2C780200FC81E9 /* Debug */ = {
			isa = XCBuildConfiguration;
			buildSettings = {
				ASSETCATALOG_COMPILER_APPICON_NAME = AppIcon;
				CODE_SIGN_IDENTITY = "iPhone Developer";
				"CODE_SIGN_IDENTITY[sdk=iphoneos*]" = "iPhone Developer";
				INFOPLIST_FILE = VidCoach2/Info.plist;
				LD_RUNPATH_SEARCH_PATHS = "$(inherited) @executable_path/Frameworks";
				PRODUCT_BUNDLE_IDENTIFIER = com.vanerickcustodio.VidCoach2;
				PRODUCT_NAME = "$(TARGET_NAME)";
				PROVISIONING_PROFILE = "";
			};
			name = Debug;
		};
		2CAF7C281C2C780200FC81E9 /* Release */ = {
			isa = XCBuildConfiguration;
			buildSettings = {
				ASSETCATALOG_COMPILER_APPICON_NAME = AppIcon;
				CODE_SIGN_IDENTITY = "iPhone Developer";
				"CODE_SIGN_IDENTITY[sdk=iphoneos*]" = "iPhone Developer";
				INFOPLIST_FILE = VidCoach2/Info.plist;
				LD_RUNPATH_SEARCH_PATHS = "$(inherited) @executable_path/Frameworks";
				PRODUCT_BUNDLE_IDENTIFIER = com.vanerickcustodio.VidCoach2;
				PRODUCT_NAME = "$(TARGET_NAME)";
				PROVISIONING_PROFILE = "";
			};
			name = Release;
		};
		2CAF7C2A1C2C780200FC81E9 /* Debug */ = {
			isa = XCBuildConfiguration;
			buildSettings = {
				BUNDLE_LOADER = "$(TEST_HOST)";
				INFOPLIST_FILE = VidCoach2Tests/Info.plist;
				LD_RUNPATH_SEARCH_PATHS = "$(inherited) @executable_path/Frameworks @loader_path/Frameworks";
				PRODUCT_BUNDLE_IDENTIFIER = com.vanerickcustodio.VidCoach2Tests;
				PRODUCT_NAME = "$(TARGET_NAME)";
				TEST_HOST = "$(BUILT_PRODUCTS_DIR)/VidCoach2.app/VidCoach2";
			};
			name = Debug;
		};
		2CAF7C2B1C2C780200FC81E9 /* Release */ = {
			isa = XCBuildConfiguration;
			buildSettings = {
				BUNDLE_LOADER = "$(TEST_HOST)";
				INFOPLIST_FILE = VidCoach2Tests/Info.plist;
				LD_RUNPATH_SEARCH_PATHS = "$(inherited) @executable_path/Frameworks @loader_path/Frameworks";
				PRODUCT_BUNDLE_IDENTIFIER = com.vanerickcustodio.VidCoach2Tests;
				PRODUCT_NAME = "$(TARGET_NAME)";
				TEST_HOST = "$(BUILT_PRODUCTS_DIR)/VidCoach2.app/VidCoach2";
			};
			name = Release;
		};
/* End XCBuildConfiguration section */

/* Begin XCConfigurationList section */
		2CAF7C041C2C780200FC81E9 /* Build configuration list for PBXProject "VidCoach2" */ = {
			isa = XCConfigurationList;
			buildConfigurations = (
				2CAF7C241C2C780200FC81E9 /* Debug */,
				2CAF7C251C2C780200FC81E9 /* Release */,
			);
			defaultConfigurationIsVisible = 0;
			defaultConfigurationName = Release;
		};
		2CAF7C261C2C780200FC81E9 /* Build configuration list for PBXNativeTarget "VidCoach2" */ = {
			isa = XCConfigurationList;
			buildConfigurations = (
				2CAF7C271C2C780200FC81E9 /* Debug */,
				2CAF7C281C2C780200FC81E9 /* Release */,
			);
			defaultConfigurationIsVisible = 0;
			defaultConfigurationName = Release;
		};
		2CAF7C291C2C780200FC81E9 /* Build configuration list for PBXNativeTarget "VidCoach2Tests" */ = {
			isa = XCConfigurationList;
			buildConfigurations = (
				2CAF7C2A1C2C780200FC81E9 /* Debug */,
				2CAF7C2B1C2C780200FC81E9 /* Release */,
			);
			defaultConfigurationIsVisible = 0;
			defaultConfigurationName = Release;
		};
/* End XCConfigurationList section */
	};
	rootObject = 2CAF7C011C2C780200FC81E9 /* Project object */;
}
