// !$*UTF8*$!
{
	archiveVersion = 1;
	classes = {
	};
	objectVersion = 46;
	objects = {

/* Begin PBXBuildFile section */
		2CAF7C0D1C2C780200FC81E9 /* AppDelegate.swift in Sources */ = {isa = PBXBuildFile; fileRef = 2CAF7C0C1C2C780200FC81E9 /* AppDelegate.swift */; };
		2CAF7C0F1C2C780200FC81E9 /* ViewController.swift in Sources */ = {isa = PBXBuildFile; fileRef = 2CAF7C0E1C2C780200FC81E9 /* ViewController.swift */; };
		2CAF7C121C2C780200FC81E9 /* Main.storyboard in Resources */ = {isa = PBXBuildFile; fileRef = 2CAF7C101C2C780200FC81E9 /* Main.storyboard */; };
		2CAF7C141C2C780200FC81E9 /* Assets.xcassets in Resources */ = {isa = PBXBuildFile; fileRef = 2CAF7C131C2C780200FC81E9 /* Assets.xcassets */; };
		2CAF7C171C2C780200FC81E9 /* LaunchScreen.storyboard in Resources */ = {isa = PBXBuildFile; fileRef = 2CAF7C151C2C780200FC81E9 /* LaunchScreen.storyboard */; };
		2CAF7C221C2C780200FC81E9 /* VidCoach2Tests.swift in Sources */ = {isa = PBXBuildFile; fileRef = 2CAF7C211C2C780200FC81E9 /* VidCoach2Tests.swift */; };
		2CAF7C2D1C2CA73000FC81E9 /* interviewQuestion.swift in Sources */ = {isa = PBXBuildFile; fileRef = 2CAF7C2C1C2CA72F00FC81E9 /* interviewQuestion.swift */; };
		2CAF7C2E1C2CA73000FC81E9 /* interviewQuestion.swift in Sources */ = {isa = PBXBuildFile; fileRef = 2CAF7C2C1C2CA72F00FC81E9 /* interviewQuestion.swift */; };
		2CAF7C301C2CD14500FC81E9 /* Video.swift in Sources */ = {isa = PBXBuildFile; fileRef = 2CAF7C2F1C2CD14500FC81E9 /* Video.swift */; };
		2CAF7C321C2CDC8200FC81E9 /* kerriGreeting.mp4 in Resources */ = {isa = PBXBuildFile; fileRef = 2CAF7C311C2CDC8200FC81E9 /* kerriGreeting.mp4 */; };
		2CAF7C341C2CE19B00FC81E9 /* steveGreeting.mp4 in Resources */ = {isa = PBXBuildFile; fileRef = 2CAF7C331C2CE19B00FC81E9 /* steveGreeting.mp4 */; };
		2CAF7C361C2CE1B500FC81E9 /* gillianGreeting.mp4 in Resources */ = {isa = PBXBuildFile; fileRef = 2CAF7C351C2CE1B500FC81E9 /* gillianGreeting.mp4 */; };
/* End PBXBuildFile section */

/* Begin PBXContainerItemProxy section */
		2CAF7C1E1C2C780200FC81E9 /* PBXContainerItemProxy */ = {
			isa = PBXContainerItemProxy;
			containerPortal = 2CAF7C011C2C780200FC81E9 /* Project object */;
			proxyType = 1;
			remoteGlobalIDString = 2CAF7C081C2C780200FC81E9;
			remoteInfo = VidCoach2;
		};
/* End PBXContainerItemProxy section */

/* Begin PBXFileReference section */
		2CAF7C091C2C780200FC81E9 /* VidCoach2.app */ = {isa = PBXFileReference; explicitFileType = wrapper.application; includeInIndex = 0; path = VidCoach2.app; sourceTree = BUILT_PRODUCTS_DIR; };
		2CAF7C0C1C2C780200FC81E9 /* AppDelegate.swift */ = {isa = PBXFileReference; lastKnownFileType = sourcecode.swift; path = AppDelegate.swift; sourceTree = "<group>"; };
		2CAF7C0E1C2C780200FC81E9 /* ViewController.swift */ = {isa = PBXFileReference; lastKnownFileType = sourcecode.swift; path = ViewController.swift; sourceTree = "<group>"; };
		2CAF7C111C2C780200FC81E9 /* Base */ = {isa = PBXFileReference; lastKnownFileType = file.storyboard; name = Base; path = Base.lproj/Main.storyboard; sourceTree = "<group>"; };
		2CAF7C131C2C780200FC81E9 /* Assets.xcassets */ = {isa = PBXFileReference; lastKnownFileType = folder.assetcatalog; path = Assets.xcassets; sourceTree = "<group>"; };
		2CAF7C161C2C780200FC81E9 /* Base */ = {isa = PBXFileReference; lastKnownFileType = file.storyboard; name = Base; path = Base.lproj/LaunchScreen.storyboard; sourceTree = "<group>"; };
		2CAF7C181C2C780200FC81E9 /* Info.plist */ = {isa = PBXFileReference; lastKnownFileType = text.plist.xml; path = Info.plist; sourceTree = "<group>"; };
		2CAF7C1D1C2C780200FC81E9 /* VidCoach2Tests.xctest */ = {isa = PBXFileReference; explicitFileType = wrapper.cfbundle; includeInIndex = 0; path = VidCoach2Tests.xctest; sourceTree = BUILT_PRODUCTS_DIR; };
		2CAF7C211C2C780200FC81E9 /* VidCoach2Tests.swift */ = {isa = PBXFileReference; lastKnownFileType = sourcecode.swift; path = VidCoach2Tests.swift; sourceTree = "<group>"; };
		2CAF7C231C2C780200FC81E9 /* Info.plist */ = {isa = PBXFileReference; lastKnownFileType = text.plist.xml; path = Info.plist; sourceTree = "<group>"; };
		2CAF7C2C1C2CA72F00FC81E9 /* interviewQuestion.swift */ = {isa = PBXFileReference; fileEncoding = 4; lastKnownFileType = sourcecode.swift; path = interviewQuestion.swift; sourceTree = "<group>"; };
		2CAF7C2F1C2CD14500FC81E9 /* Video.swift */ = {isa = PBXFileReference; fileEncoding = 4; lastKnownFileType = sourcecode.swift; path = Video.swift; sourceTree = "<group>"; };
		2CAF7C311C2CDC8200FC81E9 /* kerriGreeting.mp4 */ = {isa = PBXFileReference; lastKnownFileType = file; path = kerriGreeting.mp4; sourceTree = "<group>"; };
		2CAF7C331C2CE19B00FC81E9 /* steveGreeting.mp4 */ = {isa = PBXFileReference; lastKnownFileType = file; path = steveGreeting.mp4; sourceTree = "<group>"; };
		2CAF7C351C2CE1B500FC81E9 /* gillianGreeting.mp4 */ = {isa = PBXFileReference; lastKnownFileType = file; path = gillianGreeting.mp4; sourceTree = "<group>"; };
/* End PBXFileReference section */

/* Begin PBXFrameworksBuildPhase section */
		2CAF7C061C2C780200FC81E9 /* Frameworks */ = {
			isa = PBXFrameworksBuildPhase;
			buildActionMask = 2147483647;
			files = (
			);
			runOnlyForDeploymentPostprocessing = 0;
		};
		2CAF7C1A1C2C780200FC81E9 /* Frameworks */ = {
			isa = PBXFrameworksBuildPhase;
			buildActionMask = 2147483647;
			files = (
			);
			runOnlyForDeploymentPostprocessing = 0;
		};
/* End PBXFrameworksBuildPhase section */

/* Begin PBXGroup section */
		2CAF7C001C2C780200FC81E9 = {
			isa = PBXGroup;
			children = (
				2CAF7C0B1C2C780200FC81E9 /* VidCoach2 */,
				2CAF7C201C2C780200FC81E9 /* VidCoach2Tests */,
				2CAF7C0A1C2C780200FC81E9 /* Products */,
			);
			sourceTree = "<group>";
		};
		2CAF7C0A1C2C780200FC81E9 /* Products */ = {
			isa = PBXGroup;
			children = (
				2CAF7C091C2C780200FC81E9 /* VidCoach2.app */,
				2CAF7C1D1C2C780200FC81E9 /* VidCoach2Tests.xctest */,
			);
			name = Products;
			sourceTree = "<group>";
		};
		2CAF7C0B1C2C780200FC81E9 /* VidCoach2 */ = {
			isa = PBXGroup;
			children = (
				2CAF7C311C2CDC8200FC81E9 /* kerriGreeting.mp4 */,
				2CAF7C331C2CE19B00FC81E9 /* steveGreeting.mp4 */,
				2CAF7C351C2CE1B500FC81E9 /* gillianGreeting.mp4 */,
				2CAF7C0C1C2C780200FC81E9 /* AppDelegate.swift */,
				2CAF7C0E1C2C780200FC81E9 /* ViewController.swift */,
				2CAF7C2F1C2CD14500FC81E9 /* Video.swift */,
				2CAF7C101C2C780200FC81E9 /* Main.storyboard */,
				2CAF7C2C1C2CA72F00FC81E9 /* interviewQuestion.swift */,
				2CAF7C131C2C780200FC81E9 /* Assets.xcassets */,
				2CAF7C151C2C780200FC81E9 /* LaunchScreen.storyboard */,
				2CAF7C181C2C780200FC81E9 /* Info.plist */,
			);
			path = VidCoach2;
			sourceTree = "<group>";
		};
		2CAF7C201C2C780200FC81E9 /* VidCoach2Tests */ = {
			isa = PBXGroup;
			children = (
				2CAF7C211C2C780200FC81E9 /* VidCoach2Tests.swift */,
				2CAF7C231C2C780200FC81E9 /* Info.plist */,
			);
			path = VidCoach2Tests;
			sourceTree = "<group>";
		};
/* End PBXGroup section */

/* Begin PBXNativeTarget section */
		2CAF7C081C2C780200FC81E9 /* VidCoach2 */ = {
			isa = PBXNativeTarget;
			buildConfigurationList = 2CAF7C261C2C780200FC81E9 /* Build configuration list for PBXNativeTarget "VidCoach2" */;
			buildPhases = (
				2CAF7C051C2C780200FC81E9 /* Sources */,
				2CAF7C061C2C780200FC81E9 /* Frameworks */,
				2CAF7C071C2C780200FC81E9 /* Resources */,
			);
			buildRules = (
			);
			dependencies = (
			);
			name = VidCoach2;
			productName = VidCoach2;
			productReference = 2CAF7C091C2C780200FC81E9 /* VidCoach2.app */;
			productType = "com.apple.product-type.application";
		};
		2CAF7C1C1C2C780200FC81E9 /* VidCoach2Tests */ = {
			isa = PBXNativeTarget;
			buildConfigurationList = 2CAF7C291C2C780200FC81E9 /* Build configuration list for PBXNativeTarget "VidCoach2Tests" */;
			buildPhases = (
				2CAF7C191C2C780200FC81E9 /* Sources */,
				2CAF7C1A1C2C780200FC81E9 /* Frameworks */,
				2CAF7C1B1C2C780200FC81E9 /* Resources */,
			);
			buildRules = (
			);
			dependencies = (
				2CAF7C1F1C2C780200FC81E9 /* PBXTargetDependency */,
			);
			name = VidCoach2Tests;
			productName = VidCoach2Tests;
			productReference = 2CAF7C1D1C2C780200FC81E9 /* VidCoach2Tests.xctest */;
			productType = "com.apple.product-type.bundle.unit-test";
		};
/* End PBXNativeTarget section */

/* Begin PBXProject section */
		2CAF7C011C2C780200FC81E9 /* Project object */ = {
			isa = PBXProject;
			attributes = {
				LastSwiftUpdateCheck = 0720;
				LastUpgradeCheck = 0720;
				ORGANIZATIONNAME = "Erick Custodio";
				TargetAttributes = {
					2CAF7C081C2C780200FC81E9 = {
						CreatedOnToolsVersion = 7.2;
					};
					2CAF7C1C1C2C780200FC81E9 = {
						CreatedOnToolsVersion = 7.2;
						TestTargetID = 2CAF7C081C2C780200FC81E9;
					};
				};
			};
			buildConfigurationList = 2CAF7C041C2C780200FC81E9 /* Build configuration list for PBXProject "VidCoach2" */;
			compatibilityVersion = "Xcode 3.2";
			developmentRegion = English;
			hasScannedForEncodings = 0;
			knownRegions = (
				en,
				Base,
			);
			mainGroup = 2CAF7C001C2C780200FC81E9;
			productRefGroup = 2CAF7C0A1C2C780200FC81E9 /* Products */;
			projectDirPath = "";
			projectRoot = "";
			targets = (
				2CAF7C081C2C780200FC81E9 /* VidCoach2 */,
				2CAF7C1C1C2C780200FC81E9 /* VidCoach2Tests */,
			);
		};
/* End PBXProject section */

/* Begin PBXResourcesBuildPhase section */
		2CAF7C071C2C780200FC81E9 /* Resources */ = {
			isa = PBXResourcesBuildPhase;
			buildActionMask = 2147483647;
			files = (
				2CAF7C321C2CDC8200FC81E9 /* kerriGreeting.mp4 in Resources */,
				2CAF7C171C2C780200FC81E9 /* LaunchScreen.storyboard in Resources */,
				2CAF7C141C2C780200FC81E9 /* Assets.xcassets in Resources */,
				2CAF7C361C2CE1B500FC81E9 /* gillianGreeting.mp4 in Resources */,
				2CAF7C341C2CE19B00FC81E9 /* steveGreeting.mp4 in Resources */,
				2CAF7C121C2C780200FC81E9 /* Main.storyboard in Resources */,
			);
			runOnlyForDeploymentPostprocessing = 0;
		};
		2CAF7C1B1C2C780200FC81E9 /* Resources */ = {
			isa = PBXResourcesBuildPhase;
			buildActionMask = 2147483647;
			files = (
			);
			runOnlyForDeploymentPostprocessing = 0;
		};
/* End PBXResourcesBuildPhase section */

/* Begin PBXSourcesBuildPhase section */
		2CAF7C051C2C780200FC81E9 /* Sources */ = {
			isa = PBXSourcesBuildPhase;
			buildActionMask = 2147483647;
			files = (
				2CAF7C0F1C2C780200FC81E9 /* ViewController.swift in Sources */,
				2CAF7C301C2CD14500FC81E9 /* Video.swift in Sources */,
				2CAF7C0D1C2C780200FC81E9 /* AppDelegate.swift in Sources */,
				2CAF7C2D1C2CA73000FC81E9 /* interviewQuestion.swift in Sources */,
			);
			runOnlyForDeploymentPostprocessing = 0;
		};
		2CAF7C191C2C780200FC81E9 /* Sources */ = {
			isa = PBXSourcesBuildPhase;
			buildActionMask = 2147483647;
			files = (
				2CAF7C221C2C780200FC81E9 /* VidCoach2Tests.swift in Sources */,
				2CAF7C2E1C2CA73000FC81E9 /* interviewQuestion.swift in Sources */,
			);
			runOnlyForDeploymentPostprocessing = 0;
		};
/* End PBXSourcesBuildPhase section */

/* Begin PBXTargetDependency section */
		2CAF7C1F1C2C780200FC81E9 /* PBXTargetDependency */ = {
			isa = PBXTargetDependency;
			target = 2CAF7C081C2C780200FC81E9 /* VidCoach2 */;
			targetProxy = 2CAF7C1E1C2C780200FC81E9 /* PBXContainerItemProxy */;
		};
/* End PBXTargetDependency section */

/* Begin PBXVariantGroup section */
		2CAF7C101C2C780200FC81E9 /* Main.storyboard */ = {
			isa = PBXVariantGroup;
			children = (
				2CAF7C111C2C780200FC81E9 /* Base */,
			);
			name = Main.storyboard;
			sourceTree = "<group>";
		};
		2CAF7C151C2C780200FC81E9 /* LaunchScreen.storyboard */ = {
			isa = PBXVariantGroup;
			children = (
				2CAF7C161C2C780200FC81E9 /* Base */,
			);
			name = LaunchScreen.storyboard;
			sourceTree = "<group>";
		};
/* End PBXVariantGroup section */

/* Begin XCBuildConfiguration section */
		2CAF7C241C2C780200FC81E9 /* Debug */ = {
			isa = XCBuildConfiguration;
			buildSettings = {
				ALWAYS_SEARCH_USER_PATHS = NO;
				CLANG_CXX_LANGUAGE_STANDARD = "gnu++0x";
				CLANG_CXX_LIBRARY = "libc++";
				CLANG_ENABLE_MODULES = YES;
				CLANG_ENABLE_OBJC_ARC = YES;
				CLANG_WARN_BOOL_CONVERSION = YES;
				CLANG_WARN_CONSTANT_CONVERSION = YES;
				CLANG_WARN_DIRECT_OBJC_ISA_USAGE = YES_ERROR;
				CLANG_WARN_EMPTY_BODY = YES;
				CLANG_WARN_ENUM_CONVERSION = YES;
				CLANG_WARN_INT_CONVERSION = YES;
				CLANG_WARN_OBJC_ROOT_CLASS = YES_ERROR;
				CLANG_WARN_UNREACHABLE_CODE = YES;
				CLANG_WARN__DUPLICATE_METHOD_MATCH = YES;
				"CODE_SIGN_IDENTITY[sdk=iphoneos*]" = "iPhone Developer";
				COPY_PHASE_STRIP = NO;
				DEBUG_INFORMATION_FORMAT = dwarf;
				ENABLE_STRICT_OBJC_MSGSEND = YES;
				ENABLE_TESTABILITY = YES;
				GCC_C_LANGUAGE_STANDARD = gnu99;
				GCC_DYNAMIC_NO_PIC = NO;
				GCC_NO_COMMON_BLOCKS = YES;
				GCC_OPTIMIZATION_LEVEL = 0;
				GCC_PREPROCESSOR_DEFINITIONS = (
					"DEBUG=1",
					"$(inherited)",
				);
				GCC_WARN_64_TO_32_BIT_CONVERSION = YES;
				GCC_WARN_ABOUT_RETURN_TYPE = YES_ERROR;
				GCC_WARN_UNDECLARED_SELECTOR = YES;
				GCC_WARN_UNINITIALIZED_AUTOS = YES_AGGRESSIVE;
				GCC_WARN_UNUSED_FUNCTION = YES;
				GCC_WARN_UNUSED_VARIABLE = YES;
				IPHONEOS_DEPLOYMENT_TARGET = 9.2;
				MTL_ENABLE_DEBUG_INFO = YES;
				ONLY_ACTIVE_ARCH = YES;
				SDKROOT = iphoneos;
				SWIFT_OPTIMIZATION_LEVEL = "-Onone";
				TARGETED_DEVICE_FAMILY = "1,2";
			};
			name = Debug;
		};
		2CAF7C251C2C780200FC81E9 /* Release */ = {
			isa = XCBuildConfiguration;
			buildSettings = {
				ALWAYS_SEARCH_USER_PATHS = NO;
				CLANG_CXX_LANGUAGE_STANDARD = "gnu++0x";
				CLANG_CXX_LIBRARY = "libc++";
				CLANG_ENABLE_MODULES = YES;
				CLANG_ENABLE_OBJC_ARC = YES;
				CLANG_WARN_BOOL_CONVERSION = YES;
				CLANG_WARN_CONSTANT_CONVERSION = YES;
				CLANG_WARN_DIRECT_OBJC_ISA_USAGE = YES_ERROR;
				CLANG_WARN_EMPTY_BODY = YES;
				CLANG_WARN_ENUM_CONVERSION = YES;
				CLANG_WARN_INT_CONVERSION = YES;
				CLANG_WARN_OBJC_ROOT_CLASS = YES_ERROR;
				CLANG_WARN_UNREACHABLE_CODE = YES;
				CLANG_WARN__DUPLICATE_METHOD_MATCH = YES;
				"CODE_SIGN_IDENTITY[sdk=iphoneos*]" = "iPhone Developer";
				COPY_PHASE_STRIP = NO;
				DEBUG_INFORMATION_FORMAT = "dwarf-with-dsym";
				ENABLE_NS_ASSERTIONS = NO;
				ENABLE_STRICT_OBJC_MSGSEND = YES;
				GCC_C_LANGUAGE_STANDARD = gnu99;
				GCC_NO_COMMON_BLOCKS = YES;
				GCC_WARN_64_TO_32_BIT_CONVERSION = YES;
				GCC_WARN_ABOUT_RETURN_TYPE = YES_ERROR;
				GCC_WARN_UNDECLARED_SELECTOR = YES;
				GCC_WARN_UNINITIALIZED_AUTOS = YES_AGGRESSIVE;
				GCC_WARN_UNUSED_FUNCTION = YES;
				GCC_WARN_UNUSED_VARIABLE = YES;
				IPHONEOS_DEPLOYMENT_TARGET = 9.2;
				MTL_ENABLE_DEBUG_INFO = NO;
				SDKROOT = iphoneos;
				TARGETED_DEVICE_FAMILY = "1,2";
				VALIDATE_PRODUCT = YES;
			};
			name = Release;
		};
		2CAF7C271C2C780200FC81E9 /* Debug */ = {
			isa = XCBuildConfiguration;
			buildSettings = {
				ASSETCATALOG_COMPILER_APPICON_NAME = AppIcon;
				INFOPLIST_FILE = VidCoach2/Info.plist;
				LD_RUNPATH_SEARCH_PATHS = "$(inherited) @executable_path/Frameworks";
				PRODUCT_BUNDLE_IDENTIFIER = com.vanerickcustodio.VidCoach2;
				PRODUCT_NAME = "$(TARGET_NAME)";
			};
			name = Debug;
		};
		2CAF7C281C2C780200FC81E9 /* Release */ = {
			isa = XCBuildConfiguration;
			buildSettings = {
				ASSETCATALOG_COMPILER_APPICON_NAME = AppIcon;
				INFOPLIST_FILE = VidCoach2/Info.plist;
				LD_RUNPATH_SEARCH_PATHS = "$(inherited) @executable_path/Frameworks";
				PRODUCT_BUNDLE_IDENTIFIER = com.vanerickcustodio.VidCoach2;
				PRODUCT_NAME = "$(TARGET_NAME)";
			};
			name = Release;
		};
		2CAF7C2A1C2C780200FC81E9 /* Debug */ = {
			isa = XCBuildConfiguration;
			buildSettings = {
				BUNDLE_LOADER = "$(TEST_HOST)";
				INFOPLIST_FILE = VidCoach2Tests/Info.plist;
				LD_RUNPATH_SEARCH_PATHS = "$(inherited) @executable_path/Frameworks @loader_path/Frameworks";
				PRODUCT_BUNDLE_IDENTIFIER = com.vanerickcustodio.VidCoach2Tests;
				PRODUCT_NAME = "$(TARGET_NAME)";
				TEST_HOST = "$(BUILT_PRODUCTS_DIR)/VidCoach2.app/VidCoach2";
			};
			name = Debug;
		};
		2CAF7C2B1C2C780200FC81E9 /* Release */ = {
			isa = XCBuildConfiguration;
			buildSettings = {
				BUNDLE_LOADER = "$(TEST_HOST)";
				INFOPLIST_FILE = VidCoach2Tests/Info.plist;
				LD_RUNPATH_SEARCH_PATHS = "$(inherited) @executable_path/Frameworks @loader_path/Frameworks";
				PRODUCT_BUNDLE_IDENTIFIER = com.vanerickcustodio.VidCoach2Tests;
				PRODUCT_NAME = "$(TARGET_NAME)";
				TEST_HOST = "$(BUILT_PRODUCTS_DIR)/VidCoach2.app/VidCoach2";
			};
			name = Release;
		};
/* End XCBuildConfiguration section */

/* Begin XCConfigurationList section */
		2CAF7C041C2C780200FC81E9 /* Build configuration list for PBXProject "VidCoach2" */ = {
			isa = XCConfigurationList;
			buildConfigurations = (
				2CAF7C241C2C780200FC81E9 /* Debug */,
				2CAF7C251C2C780200FC81E9 /* Release */,
			);
			defaultConfigurationIsVisible = 0;
			defaultConfigurationName = Release;
		};
		2CAF7C261C2C780200FC81E9 /* Build configuration list for PBXNativeTarget "VidCoach2" */ = {
			isa = XCConfigurationList;
			buildConfigurations = (
				2CAF7C271C2C780200FC81E9 /* Debug */,
				2CAF7C281C2C780200FC81E9 /* Release */,
			);
			defaultConfigurationIsVisible = 0;
		};
		2CAF7C291C2C780200FC81E9 /* Build configuration list for PBXNativeTarget "VidCoach2Tests" */ = {
			isa = XCConfigurationList;
			buildConfigurations = (
				2CAF7C2A1C2C780200FC81E9 /* Debug */,
				2CAF7C2B1C2C780200FC81E9 /* Release */,
			);
			defaultConfigurationIsVisible = 0;
		};
/* End XCConfigurationList section */
	};
	rootObject = 2CAF7C011C2C780200FC81E9 /* Project object */;
}
